// !$*UTF8*$!
{
	archiveVersion = 1;
	classes = {
	};
	objectVersion = 46;
	objects = {

/* Begin PBXBuildFile section */
		1F2CEE091C387B1F00E4FB2E /* AppDelegate.swift in Sources */ = {isa = PBXBuildFile; fileRef = 1F2CEE081C387B1F00E4FB2E /* AppDelegate.swift */; };
		1F2CEE0D1C387B1F00E4FB2E /* MenuScene.swift in Sources */ = {isa = PBXBuildFile; fileRef = 1F2CEE0C1C387B1F00E4FB2E /* MenuScene.swift */; };
		1F2CEE0F1C387B1F00E4FB2E /* MenuViewController.swift in Sources */ = {isa = PBXBuildFile; fileRef = 1F2CEE0E1C387B1F00E4FB2E /* MenuViewController.swift */; };
		1F2CEE121C387B1F00E4FB2E /* Main.storyboard in Resources */ = {isa = PBXBuildFile; fileRef = 1F2CEE101C387B1F00E4FB2E /* Main.storyboard */; };
		1F2CEE141C387B1F00E4FB2E /* Assets.xcassets in Resources */ = {isa = PBXBuildFile; fileRef = 1F2CEE131C387B1F00E4FB2E /* Assets.xcassets */; };
		1F2CEE171C387B1F00E4FB2E /* LaunchScreen.storyboard in Resources */ = {isa = PBXBuildFile; fileRef = 1F2CEE151C387B1F00E4FB2E /* LaunchScreen.storyboard */; };
		1F2CEE691C38B38F00E4FB2E /* InGameScene.swift in Sources */ = {isa = PBXBuildFile; fileRef = 1F2CEE681C38B38F00E4FB2E /* InGameScene.swift */; };
		1F2CEE6B1C38B42100E4FB2E /* InGameViewController.swift in Sources */ = {isa = PBXBuildFile; fileRef = 1F2CEE6A1C38B42100E4FB2E /* InGameViewController.swift */; };
		1F2CEE6D1C38B76C00E4FB2E /* JoystickControl.swift in Sources */ = {isa = PBXBuildFile; fileRef = 1F2CEE6C1C38B76C00E4FB2E /* JoystickControl.swift */; };
		1F304B2E1C3A33D30069D04D /* Projectile.swift in Sources */ = {isa = PBXBuildFile; fileRef = 1F304B2D1C3A33D30069D04D /* Projectile.swift */; };
		1F304B301C3B16E20069D04D /* ServerInteraction.swift in Sources */ = {isa = PBXBuildFile; fileRef = 1F304B2F1C3B16E20069D04D /* ServerInteraction.swift */; };
		1F304BA61C3B2F950069D04D /* SocketAckEmitter.swift in Sources */ = {isa = PBXBuildFile; fileRef = 1F304B7C1C3B2F950069D04D /* SocketAckEmitter.swift */; };
		1F304BA71C3B2F950069D04D /* SocketAckManager.swift in Sources */ = {isa = PBXBuildFile; fileRef = 1F304B7D1C3B2F950069D04D /* SocketAckManager.swift */; };
		1F304BA81C3B2F950069D04D /* SocketAnyEvent.swift in Sources */ = {isa = PBXBuildFile; fileRef = 1F304B7E1C3B2F950069D04D /* SocketAnyEvent.swift */; };
		1F304BA91C3B2F950069D04D /* SocketClientSpec.swift in Sources */ = {isa = PBXBuildFile; fileRef = 1F304B7F1C3B2F950069D04D /* SocketClientSpec.swift */; };
		1F304BAA1C3B2F950069D04D /* SocketEngine.swift in Sources */ = {isa = PBXBuildFile; fileRef = 1F304B801C3B2F950069D04D /* SocketEngine.swift */; };
		1F304BAB1C3B2F950069D04D /* SocketEngineClient.swift in Sources */ = {isa = PBXBuildFile; fileRef = 1F304B811C3B2F950069D04D /* SocketEngineClient.swift */; };
		1F304BAC1C3B2F950069D04D /* SocketEnginePacketType.swift in Sources */ = {isa = PBXBuildFile; fileRef = 1F304B821C3B2F950069D04D /* SocketEnginePacketType.swift */; };
		1F304BAD1C3B2F950069D04D /* SocketEngineSpec.swift in Sources */ = {isa = PBXBuildFile; fileRef = 1F304B831C3B2F950069D04D /* SocketEngineSpec.swift */; };
		1F304BAE1C3B2F950069D04D /* SocketEventHandler.swift in Sources */ = {isa = PBXBuildFile; fileRef = 1F304B841C3B2F950069D04D /* SocketEventHandler.swift */; };
		1F304BAF1C3B2F950069D04D /* SocketFixUTF8.swift in Sources */ = {isa = PBXBuildFile; fileRef = 1F304B851C3B2F950069D04D /* SocketFixUTF8.swift */; };
		1F304BB01C3B2F950069D04D /* SocketIOClient.swift in Sources */ = {isa = PBXBuildFile; fileRef = 1F304B861C3B2F950069D04D /* SocketIOClient.swift */; };
		1F304BB11C3B2F950069D04D /* SocketIOClientOption.swift in Sources */ = {isa = PBXBuildFile; fileRef = 1F304B871C3B2F950069D04D /* SocketIOClientOption.swift */; };
		1F304BB21C3B2F950069D04D /* SocketIOClientStatus.swift in Sources */ = {isa = PBXBuildFile; fileRef = 1F304B881C3B2F950069D04D /* SocketIOClientStatus.swift */; };
		1F304BB31C3B2F950069D04D /* SocketLogger.swift in Sources */ = {isa = PBXBuildFile; fileRef = 1F304B891C3B2F950069D04D /* SocketLogger.swift */; };
		1F304BB41C3B2F950069D04D /* SocketPacket.swift in Sources */ = {isa = PBXBuildFile; fileRef = 1F304B8A1C3B2F950069D04D /* SocketPacket.swift */; };
		1F304BB51C3B2F950069D04D /* SocketParsable.swift in Sources */ = {isa = PBXBuildFile; fileRef = 1F304B8B1C3B2F950069D04D /* SocketParsable.swift */; };
		1F304BB61C3B2F950069D04D /* SocketStringReader.swift in Sources */ = {isa = PBXBuildFile; fileRef = 1F304B8C1C3B2F950069D04D /* SocketStringReader.swift */; };
		1F304BB71C3B2F950069D04D /* SocketTypes.swift in Sources */ = {isa = PBXBuildFile; fileRef = 1F304B8D1C3B2F950069D04D /* SocketTypes.swift */; };
		1F304BB81C3B2F950069D04D /* SwiftRegex.swift in Sources */ = {isa = PBXBuildFile; fileRef = 1F304B8E1C3B2F950069D04D /* SwiftRegex.swift */; };
		1F304BB91C3B2F950069D04D /* WebSocket.swift in Sources */ = {isa = PBXBuildFile; fileRef = 1F304B8F1C3B2F950069D04D /* WebSocket.swift */; };
		1F48547A1C41853B008DDC8F /* GameLogic.swift in Sources */ = {isa = PBXBuildFile; fileRef = 1F4854791C41853B008DDC8F /* GameLogic.swift */; };
		1F48547C1C4192EF008DDC8F /* Global.swift in Sources */ = {isa = PBXBuildFile; fileRef = 1F48547B1C4192EF008DDC8F /* Global.swift */; };
		1F4A47A81C4B426000813143 /* Map.atlas in Resources */ = {isa = PBXBuildFile; fileRef = 1F4A47A71C4B426000813143 /* Map.atlas */; };
		1F4A47AA1C4B42BF00813143 /* Map1.tmx in Resources */ = {isa = PBXBuildFile; fileRef = 1F4A47A91C4B42BF00813143 /* Map1.tmx */; };
		1F5078381C3C9AEA00EC773E /* Entity.swift in Sources */ = {isa = PBXBuildFile; fileRef = 1F5078371C3C9AEA00EC773E /* Entity.swift */; };
		1F50783A1C3CB20600EC773E /* DisplayBar.swift in Sources */ = {isa = PBXBuildFile; fileRef = 1F5078391C3CB20600EC773E /* DisplayBar.swift */; };
		1F56B9541C4A00CE0098380D /* MenuButton.swift in Sources */ = {isa = PBXBuildFile; fileRef = 1F56B9531C4A00CE0098380D /* MenuButton.swift */; };
		1F56B9581C4AB7140098380D /* Map.swift in Sources */ = {isa = PBXBuildFile; fileRef = 1F56B9571C4AB7140098380D /* Map.swift */; };
		1F56B96F1C4AE37E0098380D /* libz.tbd in Frameworks */ = {isa = PBXBuildFile; fileRef = 1F56B96E1C4AE37E0098380D /* libz.tbd */; };
		1F56B9A71C4AEC8D0098380D /* SKAButtonSprite.m in Sources */ = {isa = PBXBuildFile; fileRef = 1F56B97F1C4AEC8D0098380D /* SKAButtonSprite.m */; };
		1F56B9A81C4AEC8D0098380D /* SKACroppedMiniMap.m in Sources */ = {isa = PBXBuildFile; fileRef = 1F56B9821C4AEC8D0098380D /* SKACroppedMiniMap.m */; };
		1F56B9A91C4AEC8D0098380D /* SKALabelNode.m in Sources */ = {isa = PBXBuildFile; fileRef = 1F56B9851C4AEC8D0098380D /* SKALabelNode.m */; };
		1F56B9AA1C4AEC8D0098380D /* SKAMiniMap.m in Sources */ = {isa = PBXBuildFile; fileRef = 1F56B9881C4AEC8D0098380D /* SKAMiniMap.m */; };
		1F56B9AB1C4AEC8D0098380D /* SKATestHud.m in Sources */ = {isa = PBXBuildFile; fileRef = 1F56B98C1C4AEC8D0098380D /* SKATestHud.m */; };
		1F56B9AC1C4AEC8D0098380D /* SKATestPlayer.m in Sources */ = {isa = PBXBuildFile; fileRef = 1F56B98E1C4AEC8D0098380D /* SKATestPlayer.m */; };
		1F56B9AD1C4AEC8D0098380D /* NSMutableDictionary+SKATMXParserUtils.m in Sources */ = {isa = PBXBuildFile; fileRef = 1F56B9921C4AEC8D0098380D /* NSMutableDictionary+SKATMXParserUtils.m */; };
		1F56B9AE1C4AEC8D0098380D /* SKACollisionDefine.m in Sources */ = {isa = PBXBuildFile; fileRef = 1F56B9941C4AEC8D0098380D /* SKACollisionDefine.m */; };
		1F56B9AF1C4AEC8D0098380D /* SKAObject.m in Sources */ = {isa = PBXBuildFile; fileRef = 1F56B9961C4AEC8D0098380D /* SKAObject.m */; };
		1F56B9B01C4AEC8D0098380D /* SKAObjectLayer.m in Sources */ = {isa = PBXBuildFile; fileRef = 1F56B9981C4AEC8D0098380D /* SKAObjectLayer.m */; };
		1F56B9B11C4AEC8D0098380D /* SKASprite.m in Sources */ = {isa = PBXBuildFile; fileRef = 1F56B99A1C4AEC8D0098380D /* SKASprite.m */; };
		1F56B9B21C4AEC8D0098380D /* SKASpriteLayer.m in Sources */ = {isa = PBXBuildFile; fileRef = 1F56B99C1C4AEC8D0098380D /* SKASpriteLayer.m */; };
		1F56B9B31C4AEC8D0098380D /* SKATiledMap.m in Sources */ = {isa = PBXBuildFile; fileRef = 1F56B99E1C4AEC8D0098380D /* SKATiledMap.m */; };
		1F56B9B41C4AEC8D0098380D /* LFCGzipUtility.m in Sources */ = {isa = PBXBuildFile; fileRef = 1F56B9A11C4AEC8D0098380D /* LFCGzipUtility.m */; };
		1F56B9B51C4AEC8D0098380D /* SKAMapTile.m in Sources */ = {isa = PBXBuildFile; fileRef = 1F56B9A31C4AEC8D0098380D /* SKAMapTile.m */; };
		1F56B9B61C4AEC8D0098380D /* SKATMXParser.m in Sources */ = {isa = PBXBuildFile; fileRef = 1F56B9A51C4AEC8D0098380D /* SKATMXParser.m */; };
		1FB3EB961C4B58B60056AAE1 /* chars.atlas in Resources */ = {isa = PBXBuildFile; fileRef = 1FB3EB951C4B58B60056AAE1 /* chars.atlas */; };
		1FCE14BE1C45F02100112188 /* Item.swift in Sources */ = {isa = PBXBuildFile; fileRef = 1FCE14BD1C45F02100112188 /* Item.swift */; };
		1FCE14C21C46080600112188 /* Inventory.swift in Sources */ = {isa = PBXBuildFile; fileRef = 1FCE14C11C46080600112188 /* Inventory.swift */; };
		1FCE14C41C475A0400112188 /* ItemContainer.swift in Sources */ = {isa = PBXBuildFile; fileRef = 1FCE14C31C475A0400112188 /* ItemContainer.swift */; };
		1FD5EABE1C3F47A700634F47 /* EntityController.swift in Sources */ = {isa = PBXBuildFile; fileRef = 1FD5EABD1C3F47A700634F47 /* EntityController.swift */; };
		1FD5EAC01C3F80EB00634F47 /* Classes.swift in Sources */ = {isa = PBXBuildFile; fileRef = 1FD5EABF1C3F80EB00634F47 /* Classes.swift */; };
		1FDD42791C4DBEEF008C809E /* ItemDefinitions.swift in Sources */ = {isa = PBXBuildFile; fileRef = 1FDD42781C4DBEEF008C809E /* ItemDefinitions.swift */; };
		1FDD427E1C4DDD65008C809E /* Projectiles.atlas in Resources */ = {isa = PBXBuildFile; fileRef = 1FDD427D1C4DDD65008C809E /* Projectiles.atlas */; };
/* End PBXBuildFile section */

/* Begin PBXFileReference section */
		1F2CEE081C387B1F00E4FB2E /* AppDelegate.swift */ = {isa = PBXFileReference; lastKnownFileType = sourcecode.swift; path = AppDelegate.swift; sourceTree = "<group>"; };
		1F2CEE0C1C387B1F00E4FB2E /* MenuScene.swift */ = {isa = PBXFileReference; lastKnownFileType = sourcecode.swift; path = MenuScene.swift; sourceTree = "<group>"; };
		1F2CEE0E1C387B1F00E4FB2E /* MenuViewController.swift */ = {isa = PBXFileReference; lastKnownFileType = sourcecode.swift; path = MenuViewController.swift; sourceTree = "<group>"; };
		1F2CEE111C387B1F00E4FB2E /* Base */ = {isa = PBXFileReference; lastKnownFileType = file.storyboard; name = Base; path = Base.lproj/Main.storyboard; sourceTree = "<group>"; };
		1F2CEE131C387B1F00E4FB2E /* Assets.xcassets */ = {isa = PBXFileReference; lastKnownFileType = folder.assetcatalog; path = Assets.xcassets; sourceTree = "<group>"; };
		1F2CEE161C387B1F00E4FB2E /* Base */ = {isa = PBXFileReference; lastKnownFileType = file.storyboard; name = Base; path = Base.lproj/LaunchScreen.storyboard; sourceTree = "<group>"; };
		1F2CEE181C387B1F00E4FB2E /* Info.plist */ = {isa = PBXFileReference; lastKnownFileType = text.plist.xml; path = Info.plist; sourceTree = "<group>"; };
		1F2CEE681C38B38F00E4FB2E /* InGameScene.swift */ = {isa = PBXFileReference; fileEncoding = 4; lastKnownFileType = sourcecode.swift; path = InGameScene.swift; sourceTree = "<group>"; };
		1F2CEE6A1C38B42100E4FB2E /* InGameViewController.swift */ = {isa = PBXFileReference; fileEncoding = 4; lastKnownFileType = sourcecode.swift; name = InGameViewController.swift; path = ../InGameViewController.swift; sourceTree = "<group>"; };
		1F2CEE6C1C38B76C00E4FB2E /* JoystickControl.swift */ = {isa = PBXFileReference; fileEncoding = 4; lastKnownFileType = sourcecode.swift; path = JoystickControl.swift; sourceTree = "<group>"; };
		1F304B2D1C3A33D30069D04D /* Projectile.swift */ = {isa = PBXFileReference; fileEncoding = 4; lastKnownFileType = sourcecode.swift; name = Projectile.swift; path = ../Projectile.swift; sourceTree = "<group>"; };
		1F304B2F1C3B16E20069D04D /* ServerInteraction.swift */ = {isa = PBXFileReference; fileEncoding = 4; lastKnownFileType = sourcecode.swift; path = ServerInteraction.swift; sourceTree = "<group>"; };
		1F304B7C1C3B2F950069D04D /* SocketAckEmitter.swift */ = {isa = PBXFileReference; fileEncoding = 4; lastKnownFileType = sourcecode.swift; path = SocketAckEmitter.swift; sourceTree = "<group>"; };
		1F304B7D1C3B2F950069D04D /* SocketAckManager.swift */ = {isa = PBXFileReference; fileEncoding = 4; lastKnownFileType = sourcecode.swift; path = SocketAckManager.swift; sourceTree = "<group>"; };
		1F304B7E1C3B2F950069D04D /* SocketAnyEvent.swift */ = {isa = PBXFileReference; fileEncoding = 4; lastKnownFileType = sourcecode.swift; path = SocketAnyEvent.swift; sourceTree = "<group>"; };
		1F304B7F1C3B2F950069D04D /* SocketClientSpec.swift */ = {isa = PBXFileReference; fileEncoding = 4; lastKnownFileType = sourcecode.swift; path = SocketClientSpec.swift; sourceTree = "<group>"; };
		1F304B801C3B2F950069D04D /* SocketEngine.swift */ = {isa = PBXFileReference; fileEncoding = 4; lastKnownFileType = sourcecode.swift; path = SocketEngine.swift; sourceTree = "<group>"; };
		1F304B811C3B2F950069D04D /* SocketEngineClient.swift */ = {isa = PBXFileReference; fileEncoding = 4; lastKnownFileType = sourcecode.swift; path = SocketEngineClient.swift; sourceTree = "<group>"; };
		1F304B821C3B2F950069D04D /* SocketEnginePacketType.swift */ = {isa = PBXFileReference; fileEncoding = 4; lastKnownFileType = sourcecode.swift; path = SocketEnginePacketType.swift; sourceTree = "<group>"; };
		1F304B831C3B2F950069D04D /* SocketEngineSpec.swift */ = {isa = PBXFileReference; fileEncoding = 4; lastKnownFileType = sourcecode.swift; path = SocketEngineSpec.swift; sourceTree = "<group>"; };
		1F304B841C3B2F950069D04D /* SocketEventHandler.swift */ = {isa = PBXFileReference; fileEncoding = 4; lastKnownFileType = sourcecode.swift; path = SocketEventHandler.swift; sourceTree = "<group>"; };
		1F304B851C3B2F950069D04D /* SocketFixUTF8.swift */ = {isa = PBXFileReference; fileEncoding = 4; lastKnownFileType = sourcecode.swift; path = SocketFixUTF8.swift; sourceTree = "<group>"; };
		1F304B861C3B2F950069D04D /* SocketIOClient.swift */ = {isa = PBXFileReference; fileEncoding = 4; lastKnownFileType = sourcecode.swift; path = SocketIOClient.swift; sourceTree = "<group>"; };
		1F304B871C3B2F950069D04D /* SocketIOClientOption.swift */ = {isa = PBXFileReference; fileEncoding = 4; lastKnownFileType = sourcecode.swift; path = SocketIOClientOption.swift; sourceTree = "<group>"; };
		1F304B881C3B2F950069D04D /* SocketIOClientStatus.swift */ = {isa = PBXFileReference; fileEncoding = 4; lastKnownFileType = sourcecode.swift; path = SocketIOClientStatus.swift; sourceTree = "<group>"; };
		1F304B891C3B2F950069D04D /* SocketLogger.swift */ = {isa = PBXFileReference; fileEncoding = 4; lastKnownFileType = sourcecode.swift; path = SocketLogger.swift; sourceTree = "<group>"; };
		1F304B8A1C3B2F950069D04D /* SocketPacket.swift */ = {isa = PBXFileReference; fileEncoding = 4; lastKnownFileType = sourcecode.swift; path = SocketPacket.swift; sourceTree = "<group>"; };
		1F304B8B1C3B2F950069D04D /* SocketParsable.swift */ = {isa = PBXFileReference; fileEncoding = 4; lastKnownFileType = sourcecode.swift; path = SocketParsable.swift; sourceTree = "<group>"; };
		1F304B8C1C3B2F950069D04D /* SocketStringReader.swift */ = {isa = PBXFileReference; fileEncoding = 4; lastKnownFileType = sourcecode.swift; path = SocketStringReader.swift; sourceTree = "<group>"; };
		1F304B8D1C3B2F950069D04D /* SocketTypes.swift */ = {isa = PBXFileReference; fileEncoding = 4; lastKnownFileType = sourcecode.swift; path = SocketTypes.swift; sourceTree = "<group>"; };
		1F304B8E1C3B2F950069D04D /* SwiftRegex.swift */ = {isa = PBXFileReference; fileEncoding = 4; lastKnownFileType = sourcecode.swift; path = SwiftRegex.swift; sourceTree = "<group>"; };
		1F304B8F1C3B2F950069D04D /* WebSocket.swift */ = {isa = PBXFileReference; fileEncoding = 4; lastKnownFileType = sourcecode.swift; path = WebSocket.swift; sourceTree = "<group>"; };
		1F4854791C41853B008DDC8F /* GameLogic.swift */ = {isa = PBXFileReference; fileEncoding = 4; lastKnownFileType = sourcecode.swift; path = GameLogic.swift; sourceTree = "<group>"; };
		1F48547B1C4192EF008DDC8F /* Global.swift */ = {isa = PBXFileReference; fileEncoding = 4; lastKnownFileType = sourcecode.swift; path = Global.swift; sourceTree = "<group>"; };
		1F4A47A71C4B426000813143 /* Map.atlas */ = {isa = PBXFileReference; lastKnownFileType = folder.skatlas; name = Map.atlas; path = Resources/Map.atlas; sourceTree = "<group>"; };
		1F4A47A91C4B42BF00813143 /* Map1.tmx */ = {isa = PBXFileReference; fileEncoding = 4; lastKnownFileType = text.xml; name = Map1.tmx; path = Resources/Map1.tmx; sourceTree = "<group>"; };
		1F5078371C3C9AEA00EC773E /* Entity.swift */ = {isa = PBXFileReference; fileEncoding = 4; lastKnownFileType = sourcecode.swift; path = Entity.swift; sourceTree = "<group>"; };
		1F5078391C3CB20600EC773E /* DisplayBar.swift */ = {isa = PBXFileReference; fileEncoding = 4; lastKnownFileType = sourcecode.swift; path = DisplayBar.swift; sourceTree = "<group>"; };
		1F56B9531C4A00CE0098380D /* MenuButton.swift */ = {isa = PBXFileReference; fileEncoding = 4; lastKnownFileType = sourcecode.swift; path = MenuButton.swift; sourceTree = "<group>"; };
		1F56B9571C4AB7140098380D /* Map.swift */ = {isa = PBXFileReference; fileEncoding = 4; lastKnownFileType = sourcecode.swift; path = Map.swift; sourceTree = "<group>"; };
		1F56B9671C4AE2780098380D /* 100Floors-Bridging-Header.h */ = {isa = PBXFileReference; lastKnownFileType = sourcecode.c.h; name = "100Floors-Bridging-Header.h"; path = "../100Floors-Bridging-Header.h"; sourceTree = "<group>"; };
		1F56B96E1C4AE37E0098380D /* libz.tbd */ = {isa = PBXFileReference; lastKnownFileType = "sourcecode.text-based-dylib-definition"; name = libz.tbd; path = usr/lib/libz.tbd; sourceTree = SDKROOT; };
		1F56B97E1C4AEC8D0098380D /* SKAButtonSprite.h */ = {isa = PBXFileReference; fileEncoding = 4; lastKnownFileType = sourcecode.c.h; path = SKAButtonSprite.h; sourceTree = "<group>"; };
		1F56B97F1C4AEC8D0098380D /* SKAButtonSprite.m */ = {isa = PBXFileReference; fileEncoding = 4; lastKnownFileType = sourcecode.c.objc; path = SKAButtonSprite.m; sourceTree = "<group>"; };
		1F56B9811C4AEC8D0098380D /* SKACroppedMiniMap.h */ = {isa = PBXFileReference; fileEncoding = 4; lastKnownFileType = sourcecode.c.h; path = SKACroppedMiniMap.h; sourceTree = "<group>"; };
		1F56B9821C4AEC8D0098380D /* SKACroppedMiniMap.m */ = {isa = PBXFileReference; fileEncoding = 4; lastKnownFileType = sourcecode.c.objc; path = SKACroppedMiniMap.m; sourceTree = "<group>"; };
		1F56B9841C4AEC8D0098380D /* SKALabelNode.h */ = {isa = PBXFileReference; fileEncoding = 4; lastKnownFileType = sourcecode.c.h; path = SKALabelNode.h; sourceTree = "<group>"; };
		1F56B9851C4AEC8D0098380D /* SKALabelNode.m */ = {isa = PBXFileReference; fileEncoding = 4; lastKnownFileType = sourcecode.c.objc; path = SKALabelNode.m; sourceTree = "<group>"; };
		1F56B9871C4AEC8D0098380D /* SKAMiniMap.h */ = {isa = PBXFileReference; fileEncoding = 4; lastKnownFileType = sourcecode.c.h; path = SKAMiniMap.h; sourceTree = "<group>"; };
		1F56B9881C4AEC8D0098380D /* SKAMiniMap.m */ = {isa = PBXFileReference; fileEncoding = 4; lastKnownFileType = sourcecode.c.objc; path = SKAMiniMap.m; sourceTree = "<group>"; };
		1F56B98A1C4AEC8D0098380D /* SKATest.h */ = {isa = PBXFileReference; fileEncoding = 4; lastKnownFileType = sourcecode.c.h; path = SKATest.h; sourceTree = "<group>"; };
		1F56B98B1C4AEC8D0098380D /* SKATestHud.h */ = {isa = PBXFileReference; fileEncoding = 4; lastKnownFileType = sourcecode.c.h; path = SKATestHud.h; sourceTree = "<group>"; };
		1F56B98C1C4AEC8D0098380D /* SKATestHud.m */ = {isa = PBXFileReference; fileEncoding = 4; lastKnownFileType = sourcecode.c.objc; path = SKATestHud.m; sourceTree = "<group>"; };
		1F56B98D1C4AEC8D0098380D /* SKATestPlayer.h */ = {isa = PBXFileReference; fileEncoding = 4; lastKnownFileType = sourcecode.c.h; path = SKATestPlayer.h; sourceTree = "<group>"; };
		1F56B98E1C4AEC8D0098380D /* SKATestPlayer.m */ = {isa = PBXFileReference; fileEncoding = 4; lastKnownFileType = sourcecode.c.objc; path = SKATestPlayer.m; sourceTree = "<group>"; };
		1F56B9911C4AEC8D0098380D /* NSMutableDictionary+SKATMXParserUtils.h */ = {isa = PBXFileReference; fileEncoding = 4; lastKnownFileType = sourcecode.c.h; path = "NSMutableDictionary+SKATMXParserUtils.h"; sourceTree = "<group>"; };
		1F56B9921C4AEC8D0098380D /* NSMutableDictionary+SKATMXParserUtils.m */ = {isa = PBXFileReference; fileEncoding = 4; lastKnownFileType = sourcecode.c.objc; path = "NSMutableDictionary+SKATMXParserUtils.m"; sourceTree = "<group>"; };
		1F56B9931C4AEC8D0098380D /* SKACollisionDefine.h */ = {isa = PBXFileReference; fileEncoding = 4; lastKnownFileType = sourcecode.c.h; path = SKACollisionDefine.h; sourceTree = "<group>"; };
		1F56B9941C4AEC8D0098380D /* SKACollisionDefine.m */ = {isa = PBXFileReference; fileEncoding = 4; lastKnownFileType = sourcecode.c.objc; path = SKACollisionDefine.m; sourceTree = "<group>"; };
		1F56B9951C4AEC8D0098380D /* SKAObject.h */ = {isa = PBXFileReference; fileEncoding = 4; lastKnownFileType = sourcecode.c.h; path = SKAObject.h; sourceTree = "<group>"; };
		1F56B9961C4AEC8D0098380D /* SKAObject.m */ = {isa = PBXFileReference; fileEncoding = 4; lastKnownFileType = sourcecode.c.objc; path = SKAObject.m; sourceTree = "<group>"; };
		1F56B9971C4AEC8D0098380D /* SKAObjectLayer.h */ = {isa = PBXFileReference; fileEncoding = 4; lastKnownFileType = sourcecode.c.h; path = SKAObjectLayer.h; sourceTree = "<group>"; };
		1F56B9981C4AEC8D0098380D /* SKAObjectLayer.m */ = {isa = PBXFileReference; fileEncoding = 4; lastKnownFileType = sourcecode.c.objc; path = SKAObjectLayer.m; sourceTree = "<group>"; };
		1F56B9991C4AEC8D0098380D /* SKASprite.h */ = {isa = PBXFileReference; fileEncoding = 4; lastKnownFileType = sourcecode.c.h; path = SKASprite.h; sourceTree = "<group>"; };
		1F56B99A1C4AEC8D0098380D /* SKASprite.m */ = {isa = PBXFileReference; fileEncoding = 4; lastKnownFileType = sourcecode.c.objc; path = SKASprite.m; sourceTree = "<group>"; };
		1F56B99B1C4AEC8D0098380D /* SKASpriteLayer.h */ = {isa = PBXFileReference; fileEncoding = 4; lastKnownFileType = sourcecode.c.h; path = SKASpriteLayer.h; sourceTree = "<group>"; };
		1F56B99C1C4AEC8D0098380D /* SKASpriteLayer.m */ = {isa = PBXFileReference; fileEncoding = 4; lastKnownFileType = sourcecode.c.objc; path = SKASpriteLayer.m; sourceTree = "<group>"; };
		1F56B99D1C4AEC8D0098380D /* SKATiledMap.h */ = {isa = PBXFileReference; fileEncoding = 4; lastKnownFileType = sourcecode.c.h; path = SKATiledMap.h; sourceTree = "<group>"; };
		1F56B99E1C4AEC8D0098380D /* SKATiledMap.m */ = {isa = PBXFileReference; fileEncoding = 4; lastKnownFileType = sourcecode.c.objc; path = SKATiledMap.m; sourceTree = "<group>"; };
		1F56B9A01C4AEC8D0098380D /* LFCGzipUtility.h */ = {isa = PBXFileReference; fileEncoding = 4; lastKnownFileType = sourcecode.c.h; path = LFCGzipUtility.h; sourceTree = "<group>"; };
		1F56B9A11C4AEC8D0098380D /* LFCGzipUtility.m */ = {isa = PBXFileReference; fileEncoding = 4; lastKnownFileType = sourcecode.c.objc; path = LFCGzipUtility.m; sourceTree = "<group>"; };
		1F56B9A21C4AEC8D0098380D /* SKAMapTile.h */ = {isa = PBXFileReference; fileEncoding = 4; lastKnownFileType = sourcecode.c.h; path = SKAMapTile.h; sourceTree = "<group>"; };
		1F56B9A31C4AEC8D0098380D /* SKAMapTile.m */ = {isa = PBXFileReference; fileEncoding = 4; lastKnownFileType = sourcecode.c.objc; path = SKAMapTile.m; sourceTree = "<group>"; };
		1F56B9A41C4AEC8D0098380D /* SKATMXParser.h */ = {isa = PBXFileReference; fileEncoding = 4; lastKnownFileType = sourcecode.c.h; path = SKATMXParser.h; sourceTree = "<group>"; };
		1F56B9A51C4AEC8D0098380D /* SKATMXParser.m */ = {isa = PBXFileReference; fileEncoding = 4; lastKnownFileType = sourcecode.c.objc; path = SKATMXParser.m; sourceTree = "<group>"; };
		1F56B9A61C4AEC8D0098380D /* SKAToolKit.h */ = {isa = PBXFileReference; fileEncoding = 4; lastKnownFileType = sourcecode.c.h; path = SKAToolKit.h; sourceTree = "<group>"; };
		1FB3EB951C4B58B60056AAE1 /* chars.atlas */ = {isa = PBXFileReference; lastKnownFileType = folder.skatlas; path = chars.atlas; sourceTree = "<group>"; };
		1FCE14BA1C45E0CD00112188 /* 100Floors.app */ = {isa = PBXFileReference; explicitFileType = wrapper.application; includeInIndex = 0; path = 100Floors.app; sourceTree = BUILT_PRODUCTS_DIR; };
		1FCE14BD1C45F02100112188 /* Item.swift */ = {isa = PBXFileReference; fileEncoding = 4; lastKnownFileType = sourcecode.swift; name = Item.swift; path = ../Item.swift; sourceTree = "<group>"; };
		1FCE14C11C46080600112188 /* Inventory.swift */ = {isa = PBXFileReference; fileEncoding = 4; lastKnownFileType = sourcecode.swift; path = Inventory.swift; sourceTree = "<group>"; };
		1FCE14C31C475A0400112188 /* ItemContainer.swift */ = {isa = PBXFileReference; fileEncoding = 4; lastKnownFileType = sourcecode.swift; name = ItemContainer.swift; path = ../ItemContainer.swift; sourceTree = "<group>"; };
		1FD5EABD1C3F47A700634F47 /* EntityController.swift */ = {isa = PBXFileReference; fileEncoding = 4; lastKnownFileType = sourcecode.swift; name = EntityController.swift; path = ../EntityController.swift; sourceTree = "<group>"; };
		1FD5EABF1C3F80EB00634F47 /* Classes.swift */ = {isa = PBXFileReference; fileEncoding = 4; lastKnownFileType = sourcecode.swift; name = Classes.swift; path = ../Classes.swift; sourceTree = "<group>"; };
		1FDD42781C4DBEEF008C809E /* ItemDefinitions.swift */ = {isa = PBXFileReference; fileEncoding = 4; lastKnownFileType = sourcecode.swift; path = ItemDefinitions.swift; sourceTree = "<group>"; };
		1FDD427D1C4DDD65008C809E /* Projectiles.atlas */ = {isa = PBXFileReference; lastKnownFileType = folder.skatlas; path = Projectiles.atlas; sourceTree = "<group>"; };
/* End PBXFileReference section */

/* Begin PBXFrameworksBuildPhase section */
		1F2CEE021C387B1F00E4FB2E /* Frameworks */ = {
			isa = PBXFrameworksBuildPhase;
			buildActionMask = 2147483647;
			files = (
				1F56B96F1C4AE37E0098380D /* libz.tbd in Frameworks */,
			);
			runOnlyForDeploymentPostprocessing = 0;
		};
/* End PBXFrameworksBuildPhase section */

/* Begin PBXGroup section */
		1F2CEDFC1C387B1F00E4FB2E = {
			isa = PBXGroup;
			children = (
				1F2CEE071C387B1F00E4FB2E /* 100Floors */,
				1FCE14BA1C45E0CD00112188 /* 100Floors.app */,
			);
			sourceTree = "<group>";
		};
		1F2CEE071C387B1F00E4FB2E /* 100Floors */ = {
			isa = PBXGroup;
			children = (
				1F2CEE181C387B1F00E4FB2E /* Info.plist */,
				1F2CEE081C387B1F00E4FB2E /* AppDelegate.swift */,
				1F4DB7C31C44A56B00887FBC /* Connectivity */,
				1F3D79C41C4B1C700036C680 /* Game Logic */,
				1F3D79C31C4B1C4B0036C680 /* Graphics */,
				1F2CEE131C387B1F00E4FB2E /* Assets.xcassets */,
				1F4A47AB1C4B514100813143 /* Resources */,
			);
			path = 100Floors;
			sourceTree = "<group>";
		};
		1F304B7B1C3B2F950069D04D /* SocketIO */ = {
			isa = PBXGroup;
			children = (
				1F304B7C1C3B2F950069D04D /* SocketAckEmitter.swift */,
				1F304B7D1C3B2F950069D04D /* SocketAckManager.swift */,
				1F304B7E1C3B2F950069D04D /* SocketAnyEvent.swift */,
				1F304B7F1C3B2F950069D04D /* SocketClientSpec.swift */,
				1F304B801C3B2F950069D04D /* SocketEngine.swift */,
				1F304B811C3B2F950069D04D /* SocketEngineClient.swift */,
				1F304B821C3B2F950069D04D /* SocketEnginePacketType.swift */,
				1F304B831C3B2F950069D04D /* SocketEngineSpec.swift */,
				1F304B841C3B2F950069D04D /* SocketEventHandler.swift */,
				1F304B851C3B2F950069D04D /* SocketFixUTF8.swift */,
				1F304B861C3B2F950069D04D /* SocketIOClient.swift */,
				1F304B871C3B2F950069D04D /* SocketIOClientOption.swift */,
				1F304B881C3B2F950069D04D /* SocketIOClientStatus.swift */,
				1F304B891C3B2F950069D04D /* SocketLogger.swift */,
				1F304B8A1C3B2F950069D04D /* SocketPacket.swift */,
				1F304B8B1C3B2F950069D04D /* SocketParsable.swift */,
				1F304B8C1C3B2F950069D04D /* SocketStringReader.swift */,
				1F304B8D1C3B2F950069D04D /* SocketTypes.swift */,
				1F304B8E1C3B2F950069D04D /* SwiftRegex.swift */,
				1F304B8F1C3B2F950069D04D /* WebSocket.swift */,
			);
			name = SocketIO;
			path = "socket.io-client-swift-master/Source";
			sourceTree = "<group>";
		};
		1F3D79C21C4B1C3C0036C680 /* Scenes */ = {
			isa = PBXGroup;
			children = (
				1F2CEE0C1C387B1F00E4FB2E /* MenuScene.swift */,
				1F2CEE681C38B38F00E4FB2E /* InGameScene.swift */,
			);
			name = Scenes;
			sourceTree = "<group>";
		};
		1F3D79C31C4B1C4B0036C680 /* Graphics */ = {
			isa = PBXGroup;
			children = (
				1F56B97C1C4AEC8D0098380D /* SKAToolKit */,
				1F4DB7C21C44A54600887FBC /* Interface */,
				1F3D79C21C4B1C3C0036C680 /* Scenes */,
			);
			name = Graphics;
			sourceTree = "<group>";
		};
		1F3D79C41C4B1C700036C680 /* Game Logic */ = {
			isa = PBXGroup;
			children = (
				1FD5EABD1C3F47A700634F47 /* EntityController.swift */,
				1F5078371C3C9AEA00EC773E /* Entity.swift */,
				1F304B2D1C3A33D30069D04D /* Projectile.swift */,
				1FCE14C11C46080600112188 /* Inventory.swift */,
				1FD5EABF1C3F80EB00634F47 /* Classes.swift */,
				1F48547B1C4192EF008DDC8F /* Global.swift */,
				1FCE14BD1C45F02100112188 /* Item.swift */,
				1FDD42781C4DBEEF008C809E /* ItemDefinitions.swift */,
				1F4854791C41853B008DDC8F /* GameLogic.swift */,
			);
			name = "Game Logic";
			sourceTree = "<group>";
		};
		1F45F9B31C4CAE9A00334AB5 /* Atlases */ = {
			isa = PBXGroup;
			children = (
				1FDD427D1C4DDD65008C809E /* Projectiles.atlas */,
				1F4A47A71C4B426000813143 /* Map.atlas */,
				1FB3EB951C4B58B60056AAE1 /* chars.atlas */,
			);
			name = Atlases;
			sourceTree = "<group>";
		};
		1F45F9B41C4CAEA400334AB5 /* Maps */ = {
			isa = PBXGroup;
			children = (
				1F4A47A91C4B42BF00813143 /* Map1.tmx */,
			);
			name = Maps;
			sourceTree = "<group>";
		};
		1F4A47AB1C4B514100813143 /* Resources */ = {
			isa = PBXGroup;
			children = (
				1F45F9B41C4CAEA400334AB5 /* Maps */,
				1F45F9B31C4CAE9A00334AB5 /* Atlases */,
			);
			name = Resources;
			sourceTree = "<group>";
		};
		1F4DB7C21C44A54600887FBC /* Interface */ = {
			isa = PBXGroup;
			children = (
				1F2CEE151C387B1F00E4FB2E /* LaunchScreen.storyboard */,
				1F2CEE101C387B1F00E4FB2E /* Main.storyboard */,
				1F56B9571C4AB7140098380D /* Map.swift */,
				1F2CEE6A1C38B42100E4FB2E /* InGameViewController.swift */,
				1F2CEE0E1C387B1F00E4FB2E /* MenuViewController.swift */,
				1F56B9531C4A00CE0098380D /* MenuButton.swift */,
				1FCE14C31C475A0400112188 /* ItemContainer.swift */,
				1F5078391C3CB20600EC773E /* DisplayBar.swift */,
				1F2CEE6C1C38B76C00E4FB2E /* JoystickControl.swift */,
			);
			name = Interface;
			sourceTree = "<group>";
		};
		1F4DB7C31C44A56B00887FBC /* Connectivity */ = {
			isa = PBXGroup;
			children = (
				1F304B7B1C3B2F950069D04D /* SocketIO */,
				1F304B2F1C3B16E20069D04D /* ServerInteraction.swift */,
			);
			name = Connectivity;
			sourceTree = "<group>";
		};
		1F56B97C1C4AEC8D0098380D /* SKAToolKit */ = {
			isa = PBXGroup;
			children = (
				1F56B96E1C4AE37E0098380D /* libz.tbd */,
				1F56B9671C4AE2780098380D /* 100Floors-Bridging-Header.h */,
				1F56B97D1C4AEC8D0098380D /* SKAButton */,
				1F56B9801C4AEC8D0098380D /* SKACroppedMiniMap */,
				1F56B9831C4AEC8D0098380D /* SKALabelNode */,
				1F56B9861C4AEC8D0098380D /* SKAMiniMap */,
				1F56B9891C4AEC8D0098380D /* SKATestingNodes */,
				1F56B98F1C4AEC8D0098380D /* SKATiledMap */,
				1F56B9A61C4AEC8D0098380D /* SKAToolKit.h */,
			);
			path = SKAToolKit;
			sourceTree = "<group>";
		};
		1F56B97D1C4AEC8D0098380D /* SKAButton */ = {
			isa = PBXGroup;
			children = (
				1F56B97E1C4AEC8D0098380D /* SKAButtonSprite.h */,
				1F56B97F1C4AEC8D0098380D /* SKAButtonSprite.m */,
			);
			path = SKAButton;
			sourceTree = "<group>";
		};
		1F56B9801C4AEC8D0098380D /* SKACroppedMiniMap */ = {
			isa = PBXGroup;
			children = (
				1F56B9811C4AEC8D0098380D /* SKACroppedMiniMap.h */,
				1F56B9821C4AEC8D0098380D /* SKACroppedMiniMap.m */,
			);
			path = SKACroppedMiniMap;
			sourceTree = "<group>";
		};
		1F56B9831C4AEC8D0098380D /* SKALabelNode */ = {
			isa = PBXGroup;
			children = (
				1F56B9841C4AEC8D0098380D /* SKALabelNode.h */,
				1F56B9851C4AEC8D0098380D /* SKALabelNode.m */,
			);
			path = SKALabelNode;
			sourceTree = "<group>";
		};
		1F56B9861C4AEC8D0098380D /* SKAMiniMap */ = {
			isa = PBXGroup;
			children = (
				1F56B9871C4AEC8D0098380D /* SKAMiniMap.h */,
				1F56B9881C4AEC8D0098380D /* SKAMiniMap.m */,
			);
			path = SKAMiniMap;
			sourceTree = "<group>";
		};
		1F56B9891C4AEC8D0098380D /* SKATestingNodes */ = {
			isa = PBXGroup;
			children = (
				1F56B98A1C4AEC8D0098380D /* SKATest.h */,
				1F56B98B1C4AEC8D0098380D /* SKATestHud.h */,
				1F56B98C1C4AEC8D0098380D /* SKATestHud.m */,
				1F56B98D1C4AEC8D0098380D /* SKATestPlayer.h */,
				1F56B98E1C4AEC8D0098380D /* SKATestPlayer.m */,
			);
			path = SKATestingNodes;
			sourceTree = "<group>";
		};
		1F56B98F1C4AEC8D0098380D /* SKATiledMap */ = {
			isa = PBXGroup;
			children = (
				1F56B9901C4AEC8D0098380D /* Categories */,
				1F56B9931C4AEC8D0098380D /* SKACollisionDefine.h */,
				1F56B9941C4AEC8D0098380D /* SKACollisionDefine.m */,
				1F56B9951C4AEC8D0098380D /* SKAObject.h */,
				1F56B9961C4AEC8D0098380D /* SKAObject.m */,
				1F56B9971C4AEC8D0098380D /* SKAObjectLayer.h */,
				1F56B9981C4AEC8D0098380D /* SKAObjectLayer.m */,
				1F56B9991C4AEC8D0098380D /* SKASprite.h */,
				1F56B99A1C4AEC8D0098380D /* SKASprite.m */,
				1F56B99B1C4AEC8D0098380D /* SKASpriteLayer.h */,
				1F56B99C1C4AEC8D0098380D /* SKASpriteLayer.m */,
				1F56B99D1C4AEC8D0098380D /* SKATiledMap.h */,
				1F56B99E1C4AEC8D0098380D /* SKATiledMap.m */,
				1F56B99F1C4AEC8D0098380D /* Utilities */,
			);
			path = SKATiledMap;
			sourceTree = "<group>";
		};
		1F56B9901C4AEC8D0098380D /* Categories */ = {
			isa = PBXGroup;
			children = (
				1F56B9911C4AEC8D0098380D /* NSMutableDictionary+SKATMXParserUtils.h */,
				1F56B9921C4AEC8D0098380D /* NSMutableDictionary+SKATMXParserUtils.m */,
			);
			path = Categories;
			sourceTree = "<group>";
		};
		1F56B99F1C4AEC8D0098380D /* Utilities */ = {
			isa = PBXGroup;
			children = (
				1F56B9A01C4AEC8D0098380D /* LFCGzipUtility.h */,
				1F56B9A11C4AEC8D0098380D /* LFCGzipUtility.m */,
				1F56B9A21C4AEC8D0098380D /* SKAMapTile.h */,
				1F56B9A31C4AEC8D0098380D /* SKAMapTile.m */,
				1F56B9A41C4AEC8D0098380D /* SKATMXParser.h */,
				1F56B9A51C4AEC8D0098380D /* SKATMXParser.m */,
			);
			path = Utilities;
			sourceTree = "<group>";
		};
/* End PBXGroup section */

/* Begin PBXNativeTarget section */
		1F2CEE041C387B1F00E4FB2E /* 100Floors */ = {
			isa = PBXNativeTarget;
			buildConfigurationList = 1F2CEE311C387B1F00E4FB2E /* Build configuration list for PBXNativeTarget "100Floors" */;
			buildPhases = (
				1F2CEE011C387B1F00E4FB2E /* Sources */,
				1F2CEE021C387B1F00E4FB2E /* Frameworks */,
				1F2CEE031C387B1F00E4FB2E /* Resources */,
				1F4F9B851C48C5E2002F314E /* ShellScript */,
			);
			buildRules = (
			);
			dependencies = (
			);
			name = 100Floors;
			productName = 100Floors;
			productReference = 1FCE14BA1C45E0CD00112188 /* 100Floors.app */;
			productType = "com.apple.product-type.application";
		};
/* End PBXNativeTarget section */

/* Begin PBXProject section */
		1F2CEDFD1C387B1F00E4FB2E /* Project object */ = {
			isa = PBXProject;
			attributes = {
				LastSwiftUpdateCheck = 0720;
				LastUpgradeCheck = 0720;
				TargetAttributes = {
					1F2CEE041C387B1F00E4FB2E = {
						CreatedOnToolsVersion = 7.2;
						DevelopmentTeam = M8U6XZ88H5;
					};
				};
			};
			buildConfigurationList = 1F2CEE001C387B1F00E4FB2E /* Build configuration list for PBXProject "100Floors" */;
			compatibilityVersion = "Xcode 3.2";
			developmentRegion = English;
			hasScannedForEncodings = 0;
			knownRegions = (
				en,
				Base,
			);
			mainGroup = 1F2CEDFC1C387B1F00E4FB2E;
			productRefGroup = 1F2CEDFC1C387B1F00E4FB2E;
			projectDirPath = "";
			projectRoot = "";
			targets = (
				1F2CEE041C387B1F00E4FB2E /* 100Floors */,
			);
		};
/* End PBXProject section */

/* Begin PBXResourcesBuildPhase section */
		1F2CEE031C387B1F00E4FB2E /* Resources */ = {
			isa = PBXResourcesBuildPhase;
			buildActionMask = 2147483647;
			files = (
				1F2CEE171C387B1F00E4FB2E /* LaunchScreen.storyboard in Resources */,
				1FDD427E1C4DDD65008C809E /* Projectiles.atlas in Resources */,
				1F2CEE141C387B1F00E4FB2E /* Assets.xcassets in Resources */,
				1F4A47A81C4B426000813143 /* Map.atlas in Resources */,
				1F2CEE121C387B1F00E4FB2E /* Main.storyboard in Resources */,
				1F4A47AA1C4B42BF00813143 /* Map1.tmx in Resources */,
				1FB3EB961C4B58B60056AAE1 /* chars.atlas in Resources */,
			);
			runOnlyForDeploymentPostprocessing = 0;
		};
/* End PBXResourcesBuildPhase section */

/* Begin PBXShellScriptBuildPhase section */
		1F4F9B851C48C5E2002F314E /* ShellScript */ = {
			isa = PBXShellScriptBuildPhase;
			buildActionMask = 2147483647;
			files = (
			);
			inputPaths = (
			);
			outputPaths = (
			);
			runOnlyForDeploymentPostprocessing = 0;
			shellPath = /bin/sh;
			shellScript = "KEYWORDS=\"TODO:|FIXME:|\\?\\?\\?:|\\!\\!\\!:\"\nfind \"${SRCROOT}\" \\( -name \"*.h\" -or -name \"*.m\" -or -name \"*.swift\"  \\) -print0 | xargs -0 egrep --with-filename --line-number --only-matching \"($KEYWORDS).*\\$\" | perl -p -e \"s/($KEYWORDS)/ warning: \\$1/\"\n";
		};
/* End PBXShellScriptBuildPhase section */

/* Begin PBXSourcesBuildPhase section */
		1F2CEE011C387B1F00E4FB2E /* Sources */ = {
			isa = PBXSourcesBuildPhase;
			buildActionMask = 2147483647;
			files = (
				1F304BB81C3B2F950069D04D /* SwiftRegex.swift in Sources */,
				1F2CEE6B1C38B42100E4FB2E /* InGameViewController.swift in Sources */,
				1FCE14BE1C45F02100112188 /* Item.swift in Sources */,
				1F304BAB1C3B2F950069D04D /* SocketEngineClient.swift in Sources */,
				1F2CEE0D1C387B1F00E4FB2E /* MenuScene.swift in Sources */,
				1F56B9AC1C4AEC8D0098380D /* SKATestPlayer.m in Sources */,
				1F56B9AE1C4AEC8D0098380D /* SKACollisionDefine.m in Sources */,
				1F50783A1C3CB20600EC773E /* DisplayBar.swift in Sources */,
				1FD5EABE1C3F47A700634F47 /* EntityController.swift in Sources */,
				1F56B9B11C4AEC8D0098380D /* SKASprite.m in Sources */,
				1F2CEE0F1C387B1F00E4FB2E /* MenuViewController.swift in Sources */,
				1F2CEE6D1C38B76C00E4FB2E /* JoystickControl.swift in Sources */,
				1F2CEE091C387B1F00E4FB2E /* AppDelegate.swift in Sources */,
				1F56B9581C4AB7140098380D /* Map.swift in Sources */,
				1F56B9B01C4AEC8D0098380D /* SKAObjectLayer.m in Sources */,
				1F304B301C3B16E20069D04D /* ServerInteraction.swift in Sources */,
				1F56B9A81C4AEC8D0098380D /* SKACroppedMiniMap.m in Sources */,
				1F56B9B21C4AEC8D0098380D /* SKASpriteLayer.m in Sources */,
				1F304BB01C3B2F950069D04D /* SocketIOClient.swift in Sources */,
				1F56B9A71C4AEC8D0098380D /* SKAButtonSprite.m in Sources */,
				1F56B9541C4A00CE0098380D /* MenuButton.swift in Sources */,
				1F304BA61C3B2F950069D04D /* SocketAckEmitter.swift in Sources */,
				1F304BAA1C3B2F950069D04D /* SocketEngine.swift in Sources */,
				1F48547C1C4192EF008DDC8F /* Global.swift in Sources */,
				1F304BB71C3B2F950069D04D /* SocketTypes.swift in Sources */,
				1FDD42791C4DBEEF008C809E /* ItemDefinitions.swift in Sources */,
				1F304BB91C3B2F950069D04D /* WebSocket.swift in Sources */,
				1F304BB61C3B2F950069D04D /* SocketStringReader.swift in Sources */,
				1F2CEE691C38B38F00E4FB2E /* InGameScene.swift in Sources */,
				1FD5EAC01C3F80EB00634F47 /* Classes.swift in Sources */,
				1FCE14C41C475A0400112188 /* ItemContainer.swift in Sources */,
				1F304BAE1C3B2F950069D04D /* SocketEventHandler.swift in Sources */,
				1F304BB41C3B2F950069D04D /* SocketPacket.swift in Sources */,
				1F304BAD1C3B2F950069D04D /* SocketEngineSpec.swift in Sources */,
				1F56B9A91C4AEC8D0098380D /* SKALabelNode.m in Sources */,
				1F304B2E1C3A33D30069D04D /* Projectile.swift in Sources */,
				1F56B9B31C4AEC8D0098380D /* SKATiledMap.m in Sources */,
				1F56B9B51C4AEC8D0098380D /* SKAMapTile.m in Sources */,
				1F304BA91C3B2F950069D04D /* SocketClientSpec.swift in Sources */,
				1F304BB31C3B2F950069D04D /* SocketLogger.swift in Sources */,
				1F304BAF1C3B2F950069D04D /* SocketFixUTF8.swift in Sources */,
				1F304BA71C3B2F950069D04D /* SocketAckManager.swift in Sources */,
				1F48547A1C41853B008DDC8F /* GameLogic.swift in Sources */,
				1F304BB11C3B2F950069D04D /* SocketIOClientOption.swift in Sources */,
				1FCE14C21C46080600112188 /* Inventory.swift in Sources */,
				1F56B9AD1C4AEC8D0098380D /* NSMutableDictionary+SKATMXParserUtils.m in Sources */,
				1F56B9B41C4AEC8D0098380D /* LFCGzipUtility.m in Sources */,
				1F56B9B61C4AEC8D0098380D /* SKATMXParser.m in Sources */,
				1F56B9AF1C4AEC8D0098380D /* SKAObject.m in Sources */,
				1F304BB21C3B2F950069D04D /* SocketIOClientStatus.swift in Sources */,
				1F5078381C3C9AEA00EC773E /* Entity.swift in Sources */,
				1F304BA81C3B2F950069D04D /* SocketAnyEvent.swift in Sources */,
				1F56B9AA1C4AEC8D0098380D /* SKAMiniMap.m in Sources */,
				1F56B9AB1C4AEC8D0098380D /* SKATestHud.m in Sources */,
				1F304BAC1C3B2F950069D04D /* SocketEnginePacketType.swift in Sources */,
				1F304BB51C3B2F950069D04D /* SocketParsable.swift in Sources */,
			);
			runOnlyForDeploymentPostprocessing = 0;
		};
/* End PBXSourcesBuildPhase section */

/* Begin PBXVariantGroup section */
		1F2CEE101C387B1F00E4FB2E /* Main.storyboard */ = {
			isa = PBXVariantGroup;
			children = (
				1F2CEE111C387B1F00E4FB2E /* Base */,
			);
			name = Main.storyboard;
			sourceTree = "<group>";
		};
		1F2CEE151C387B1F00E4FB2E /* LaunchScreen.storyboard */ = {
			isa = PBXVariantGroup;
			children = (
				1F2CEE161C387B1F00E4FB2E /* Base */,
			);
			name = LaunchScreen.storyboard;
			sourceTree = "<group>";
		};
/* End PBXVariantGroup section */

/* Begin XCBuildConfiguration section */
		1F2CEE2F1C387B1F00E4FB2E /* Debug */ = {
			isa = XCBuildConfiguration;
			buildSettings = {
				ALWAYS_SEARCH_USER_PATHS = NO;
				CLANG_CXX_LANGUAGE_STANDARD = "gnu++0x";
				CLANG_CXX_LIBRARY = "libc++";
				CLANG_ENABLE_MODULES = YES;
				CLANG_ENABLE_OBJC_ARC = YES;
				CLANG_WARN_BOOL_CONVERSION = YES;
				CLANG_WARN_CONSTANT_CONVERSION = YES;
				CLANG_WARN_DIRECT_OBJC_ISA_USAGE = YES_ERROR;
				CLANG_WARN_EMPTY_BODY = YES;
				CLANG_WARN_ENUM_CONVERSION = YES;
				CLANG_WARN_INT_CONVERSION = YES;
				CLANG_WARN_OBJC_ROOT_CLASS = YES_ERROR;
				CLANG_WARN_UNREACHABLE_CODE = YES;
				CLANG_WARN__DUPLICATE_METHOD_MATCH = YES;
				"CODE_SIGN_IDENTITY[sdk=iphoneos*]" = "iPhone Developer";
				COPY_PHASE_STRIP = NO;
				DEBUG_INFORMATION_FORMAT = "dwarf-with-dsym";
				ENABLE_STRICT_OBJC_MSGSEND = YES;
				ENABLE_TESTABILITY = YES;
				GCC_C_LANGUAGE_STANDARD = gnu99;
				GCC_DYNAMIC_NO_PIC = NO;
				GCC_NO_COMMON_BLOCKS = YES;
				GCC_OPTIMIZATION_LEVEL = 0;
				GCC_PREPROCESSOR_DEFINITIONS = (
					"DEBUG=1",
					"$(inherited)",
				);
				GCC_WARN_64_TO_32_BIT_CONVERSION = YES;
				GCC_WARN_ABOUT_RETURN_TYPE = YES_ERROR;
				GCC_WARN_UNDECLARED_SELECTOR = YES;
				GCC_WARN_UNINITIALIZED_AUTOS = YES_AGGRESSIVE;
				GCC_WARN_UNUSED_FUNCTION = YES;
				GCC_WARN_UNUSED_VARIABLE = YES;
				IPHONEOS_DEPLOYMENT_TARGET = 9.2;
				MTL_ENABLE_DEBUG_INFO = YES;
				ONLY_ACTIVE_ARCH = YES;
				SDKROOT = iphoneos;
				SWIFT_OPTIMIZATION_LEVEL = "-Onone";
				TARGETED_DEVICE_FAMILY = "1,2";
				"Texture Atlas Format" = RGB565_COMPRESSED;
				"Texture Atlas Maximum Size" = 4096x4096;
			};
			name = Debug;
		};
		1F2CEE301C387B1F00E4FB2E /* Release */ = {
			isa = XCBuildConfiguration;
			buildSettings = {
				ALWAYS_SEARCH_USER_PATHS = NO;
				CLANG_CXX_LANGUAGE_STANDARD = "gnu++0x";
				CLANG_CXX_LIBRARY = "libc++";
				CLANG_ENABLE_MODULES = YES;
				CLANG_ENABLE_OBJC_ARC = YES;
				CLANG_WARN_BOOL_CONVERSION = YES;
				CLANG_WARN_CONSTANT_CONVERSION = YES;
				CLANG_WARN_DIRECT_OBJC_ISA_USAGE = YES_ERROR;
				CLANG_WARN_EMPTY_BODY = YES;
				CLANG_WARN_ENUM_CONVERSION = YES;
				CLANG_WARN_INT_CONVERSION = YES;
				CLANG_WARN_OBJC_ROOT_CLASS = YES_ERROR;
				CLANG_WARN_UNREACHABLE_CODE = YES;
				CLANG_WARN__DUPLICATE_METHOD_MATCH = YES;
				"CODE_SIGN_IDENTITY[sdk=iphoneos*]" = "iPhone Developer";
				COPY_PHASE_STRIP = NO;
				DEBUG_INFORMATION_FORMAT = "dwarf-with-dsym";
				ENABLE_NS_ASSERTIONS = NO;
				ENABLE_STRICT_OBJC_MSGSEND = YES;
				GCC_C_LANGUAGE_STANDARD = gnu99;
				GCC_NO_COMMON_BLOCKS = YES;
				GCC_WARN_64_TO_32_BIT_CONVERSION = YES;
				GCC_WARN_ABOUT_RETURN_TYPE = YES_ERROR;
				GCC_WARN_UNDECLARED_SELECTOR = YES;
				GCC_WARN_UNINITIALIZED_AUTOS = YES_AGGRESSIVE;
				GCC_WARN_UNUSED_FUNCTION = YES;
				GCC_WARN_UNUSED_VARIABLE = YES;
				IPHONEOS_DEPLOYMENT_TARGET = 9.2;
				MTL_ENABLE_DEBUG_INFO = NO;
				SDKROOT = iphoneos;
				TARGETED_DEVICE_FAMILY = "1,2";
				"Texture Atlas Format" = RGB565_COMPRESSED;
				"Texture Atlas Maximum Size" = 4096x4096;
				VALIDATE_PRODUCT = YES;
			};
			name = Release;
		};
		1F2CEE321C387B1F00E4FB2E /* Debug */ = {
			isa = XCBuildConfiguration;
			buildSettings = {
				ASSETCATALOG_COMPILER_APPICON_NAME = AppIcon;
				CLANG_ENABLE_MODULES = YES;
				"CODE_SIGN_ENTITLEMENTS[sdk=*]" = "";
				CODE_SIGN_IDENTITY = "iPhone Developer";
				"CODE_SIGN_IDENTITY[sdk=iphoneos*]" = "iPhone Developer";
				INFOPLIST_FILE = 100Floors/Info.plist;
				IPHONEOS_DEPLOYMENT_TARGET = 9.2;
				LD_RUNPATH_SEARCH_PATHS = "$(inherited) @executable_path/Frameworks";
				PRODUCT_BUNDLE_IDENTIFIER = "B7F.-00Floors";
				PRODUCT_NAME = "$(TARGET_NAME)";
				PROVISIONING_PROFILE = "";
				SWIFT_OBJC_BRIDGING_HEADER = "100Floors/100Floors-Bridging-Header.h";
				SWIFT_OPTIMIZATION_LEVEL = "-Onone";
			};
			name = Debug;
		};
		1F2CEE331C387B1F00E4FB2E /* Release */ = {
			isa = XCBuildConfiguration;
			buildSettings = {
				ASSETCATALOG_COMPILER_APPICON_NAME = AppIcon;
				CLANG_ENABLE_MODULES = YES;
				CODE_SIGN_IDENTITY = "iPhone Developer";
				"CODE_SIGN_IDENTITY[sdk=iphoneos*]" = "iPhone Developer";
				INFOPLIST_FILE = 100Floors/Info.plist;
				IPHONEOS_DEPLOYMENT_TARGET = 9.2;
				LD_RUNPATH_SEARCH_PATHS = "$(inherited) @executable_path/Frameworks";
				PRODUCT_BUNDLE_IDENTIFIER = "B7F.-00Floors";
				PRODUCT_NAME = "$(TARGET_NAME)";
				PROVISIONING_PROFILE = "";
				SWIFT_OBJC_BRIDGING_HEADER = "100Floors/100Floors-Bridging-Header.h";
			};
			name = Release;
		};
/* End XCBuildConfiguration section */

/* Begin XCConfigurationList section */
		1F2CEE001C387B1F00E4FB2E /* Build configuration list for PBXProject "100Floors" */ = {
			isa = XCConfigurationList;
			buildConfigurations = (
				1F2CEE2F1C387B1F00E4FB2E /* Debug */,
				1F2CEE301C387B1F00E4FB2E /* Release */,
			);
			defaultConfigurationIsVisible = 0;
			defaultConfigurationName = Release;
		};
		1F2CEE311C387B1F00E4FB2E /* Build configuration list for PBXNativeTarget "100Floors" */ = {
			isa = XCConfigurationList;
			buildConfigurations = (
				1F2CEE321C387B1F00E4FB2E /* Debug */,
				1F2CEE331C387B1F00E4FB2E /* Release */,
			);
			defaultConfigurationIsVisible = 0;
			defaultConfigurationName = Release;
		};
/* End XCConfigurationList section */
	};
	rootObject = 1F2CEDFD1C387B1F00E4FB2E /* Project object */;
}
