// !$*UTF8*$!
{
	archiveVersion = 1;
	classes = {
	};
	objectVersion = 46;
	objects = {

/* Begin PBXBuildFile section */
		1F0428951C835B2200FB4516 /* InGameMenuViewController.swift in Sources */ = {isa = PBXBuildFile; fileRef = 1F0428941C835B2200FB4516 /* InGameMenuViewController.swift */; };
		1F0428971C8367B400FB4516 /* InventoryViewController.swift in Sources */ = {isa = PBXBuildFile; fileRef = 1F0428961C8367B400FB4516 /* InventoryViewController.swift */; };
		1F29C0C81CBC84CA00A2EFEE /* SKAMapTile.swift in Sources */ = {isa = PBXBuildFile; fileRef = 1F29C0C11CBC84CA00A2EFEE /* SKAMapTile.swift */; };
		1F29C0C91CBC84CA00A2EFEE /* SKAObject.swift in Sources */ = {isa = PBXBuildFile; fileRef = 1F29C0C21CBC84CA00A2EFEE /* SKAObject.swift */; };
		1F29C0CA1CBC84CA00A2EFEE /* SKAObjectLayer.swift in Sources */ = {isa = PBXBuildFile; fileRef = 1F29C0C31CBC84CA00A2EFEE /* SKAObjectLayer.swift */; };
		1F29C0CB1CBC84CA00A2EFEE /* SKASprite.swift in Sources */ = {isa = PBXBuildFile; fileRef = 1F29C0C41CBC84CA00A2EFEE /* SKASprite.swift */; };
		1F29C0CC1CBC84CA00A2EFEE /* SKASpriteLayer.swift in Sources */ = {isa = PBXBuildFile; fileRef = 1F29C0C51CBC84CA00A2EFEE /* SKASpriteLayer.swift */; };
		1F29C0CD1CBC84CA00A2EFEE /* SKATiledMap.swift in Sources */ = {isa = PBXBuildFile; fileRef = 1F29C0C61CBC84CA00A2EFEE /* SKATiledMap.swift */; };
		1F29C0CE1CBC84CA00A2EFEE /* SKATMXParser.swift in Sources */ = {isa = PBXBuildFile; fileRef = 1F29C0C71CBC84CA00A2EFEE /* SKATMXParser.swift */; };
		1F2CEE091C387B1F00E4FB2E /* AppDelegate.swift in Sources */ = {isa = PBXBuildFile; fileRef = 1F2CEE081C387B1F00E4FB2E /* AppDelegate.swift */; };
		1F2CEE0D1C387B1F00E4FB2E /* MenuScene.swift in Sources */ = {isa = PBXBuildFile; fileRef = 1F2CEE0C1C387B1F00E4FB2E /* MenuScene.swift */; };
		1F2CEE0F1C387B1F00E4FB2E /* MenuViewController.swift in Sources */ = {isa = PBXBuildFile; fileRef = 1F2CEE0E1C387B1F00E4FB2E /* MenuViewController.swift */; };
		1F2CEE121C387B1F00E4FB2E /* Main.storyboard in Resources */ = {isa = PBXBuildFile; fileRef = 1F2CEE101C387B1F00E4FB2E /* Main.storyboard */; };
		1F2CEE141C387B1F00E4FB2E /* Assets.xcassets in Resources */ = {isa = PBXBuildFile; fileRef = 1F2CEE131C387B1F00E4FB2E /* Assets.xcassets */; };
		1F2CEE171C387B1F00E4FB2E /* LaunchScreen.storyboard in Resources */ = {isa = PBXBuildFile; fileRef = 1F2CEE151C387B1F00E4FB2E /* LaunchScreen.storyboard */; };
		1F2CEE691C38B38F00E4FB2E /* InGameScene.swift in Sources */ = {isa = PBXBuildFile; fileRef = 1F2CEE681C38B38F00E4FB2E /* InGameScene.swift */; };
		1F2CEE6B1C38B42100E4FB2E /* InGameViewController.swift in Sources */ = {isa = PBXBuildFile; fileRef = 1F2CEE6A1C38B42100E4FB2E /* InGameViewController.swift */; };
		1F2CEE6D1C38B76C00E4FB2E /* JoystickControl.swift in Sources */ = {isa = PBXBuildFile; fileRef = 1F2CEE6C1C38B76C00E4FB2E /* JoystickControl.swift */; };
		1F304B2E1C3A33D30069D04D /* Projectile.swift in Sources */ = {isa = PBXBuildFile; fileRef = 1F304B2D1C3A33D30069D04D /* Projectile.swift */; };
		1F457D431C6D009500E0CB37 /* Items.xml in Resources */ = {isa = PBXBuildFile; fileRef = 1F457D421C6D009500E0CB37 /* Items.xml */; };
		1F457D451C6D647400E0CB37 /* Levels.xml in Resources */ = {isa = PBXBuildFile; fileRef = 1F457D441C6D647400E0CB37 /* Levels.xml */; };
		1F4686151C5C50AD004D3F55 /* Level.swift in Sources */ = {isa = PBXBuildFile; fileRef = 1F4686141C5C50AD004D3F55 /* Level.swift */; };
		1F48547A1C41853B008DDC8F /* GameLogic.swift in Sources */ = {isa = PBXBuildFile; fileRef = 1F4854791C41853B008DDC8F /* GameLogic.swift */; };
		1F5078381C3C9AEA00EC773E /* Entity.swift in Sources */ = {isa = PBXBuildFile; fileRef = 1F5078371C3C9AEA00EC773E /* Entity.swift */; };
		1F50783A1C3CB20600EC773E /* DisplayBar.swift in Sources */ = {isa = PBXBuildFile; fileRef = 1F5078391C3CB20600EC773E /* DisplayBar.swift */; };
		1F5CF03C1C9262F700B00AB7 /* AI.swift in Sources */ = {isa = PBXBuildFile; fileRef = 1F5CF03B1C9262F600B00AB7 /* AI.swift */; };
		1F7415161CB03DA8000A2D48 /* Popup.swift in Sources */ = {isa = PBXBuildFile; fileRef = 1F7415151CB03DA8000A2D48 /* Popup.swift */; };
		1FA7D9391C67C0E100ECA534 /* AEXML.swift in Sources */ = {isa = PBXBuildFile; fileRef = 1FA7D9381C67C0E100ECA534 /* AEXML.swift */; };
		1FB3EB961C4B58B60056AAE1 /* chars.atlas in Resources */ = {isa = PBXBuildFile; fileRef = 1FB3EB951C4B58B60056AAE1 /* chars.atlas */; };
		1FC40B461CB9AE0B00AAC096 /* Main.tmx in Resources */ = {isa = PBXBuildFile; fileRef = 1FC40B451CB9AE0B00AAC096 /* Main.tmx */; };
		1FC40B4F1CB9AF2300AAC096 /* Sprites00.png in Resources */ = {isa = PBXBuildFile; fileRef = 1FC40B4E1CB9AF2300AAC096 /* Sprites00.png */; };
		1FC7D7211CA3325900B8CD2B /* Behaviors.xml in Resources */ = {isa = PBXBuildFile; fileRef = 1FC7D7201CA3325900B8CD2B /* Behaviors.xml */; };
		1FC9AC571C9E08CB00E80D30 /* Enemies.xml in Resources */ = {isa = PBXBuildFile; fileRef = 1FC9AC561C9E08CB00E80D30 /* Enemies.xml */; };
		1FC9AC5B1C9E161B00E80D30 /* Behavior.swift in Sources */ = {isa = PBXBuildFile; fileRef = 1FC9AC5A1C9E161B00E80D30 /* Behavior.swift */; };
		1FCE14BE1C45F02100112188 /* Item.swift in Sources */ = {isa = PBXBuildFile; fileRef = 1FCE14BD1C45F02100112188 /* Item.swift */; };
		1FCE14C21C46080600112188 /* Inventory.swift in Sources */ = {isa = PBXBuildFile; fileRef = 1FCE14C11C46080600112188 /* Inventory.swift */; };
		1FCE14C41C475A0400112188 /* ItemContainer.swift in Sources */ = {isa = PBXBuildFile; fileRef = 1FCE14C31C475A0400112188 /* ItemContainer.swift */; };
		1FD105C61C87D67E00C9F624 /* Sword-T1.png in Resources */ = {isa = PBXBuildFile; fileRef = 1FD105C51C87D67E00C9F624 /* Sword-T1.png */; };
		1FD105C81C87D69000C9F624 /* Sword-T6.png in Resources */ = {isa = PBXBuildFile; fileRef = 1FD105C71C87D69000C9F624 /* Sword-T6.png */; };
		1FD105CA1C87D6FC00C9F624 /* Sword-T10.png in Resources */ = {isa = PBXBuildFile; fileRef = 1FD105C91C87D6FC00C9F624 /* Sword-T10.png */; };
		1FDD427E1C4DDD65008C809E /* Projectiles.atlas in Resources */ = {isa = PBXBuildFile; fileRef = 1FDD427D1C4DDD65008C809E /* Projectiles.atlas */; };
		1FE667641CAC9FD6003BCE30 /* SaveData.swift in Sources */ = {isa = PBXBuildFile; fileRef = 1FE667631CAC9FD6003BCE30 /* SaveData.swift */; };
		1FE667661CAE1AA3003BCE30 /* Effects.swift in Sources */ = {isa = PBXBuildFile; fileRef = 1FE667651CAE1AA3003BCE30 /* Effects.swift */; };
		1FEC7C8C1C7033E0005AEDB3 /* MapObject.swift in Sources */ = {isa = PBXBuildFile; fileRef = 1FEC7C8B1C7033E0005AEDB3 /* MapObject.swift */; };
/* End PBXBuildFile section */

/* Begin PBXFileReference section */
		1F0428941C835B2200FB4516 /* InGameMenuViewController.swift */ = {isa = PBXFileReference; fileEncoding = 4; lastKnownFileType = sourcecode.swift; path = InGameMenuViewController.swift; sourceTree = "<group>"; };
		1F0428961C8367B400FB4516 /* InventoryViewController.swift */ = {isa = PBXFileReference; fileEncoding = 4; lastKnownFileType = sourcecode.swift; path = InventoryViewController.swift; sourceTree = "<group>"; };
		1F29C0C11CBC84CA00A2EFEE /* SKAMapTile.swift */ = {isa = PBXFileReference; fileEncoding = 4; lastKnownFileType = sourcecode.swift; path = SKAMapTile.swift; sourceTree = "<group>"; };
		1F29C0C21CBC84CA00A2EFEE /* SKAObject.swift */ = {isa = PBXFileReference; fileEncoding = 4; lastKnownFileType = sourcecode.swift; path = SKAObject.swift; sourceTree = "<group>"; };
		1F29C0C31CBC84CA00A2EFEE /* SKAObjectLayer.swift */ = {isa = PBXFileReference; fileEncoding = 4; lastKnownFileType = sourcecode.swift; path = SKAObjectLayer.swift; sourceTree = "<group>"; };
		1F29C0C41CBC84CA00A2EFEE /* SKASprite.swift */ = {isa = PBXFileReference; fileEncoding = 4; lastKnownFileType = sourcecode.swift; path = SKASprite.swift; sourceTree = "<group>"; };
		1F29C0C51CBC84CA00A2EFEE /* SKASpriteLayer.swift */ = {isa = PBXFileReference; fileEncoding = 4; lastKnownFileType = sourcecode.swift; path = SKASpriteLayer.swift; sourceTree = "<group>"; };
		1F29C0C61CBC84CA00A2EFEE /* SKATiledMap.swift */ = {isa = PBXFileReference; fileEncoding = 4; lastKnownFileType = sourcecode.swift; path = SKATiledMap.swift; sourceTree = "<group>"; };
		1F29C0C71CBC84CA00A2EFEE /* SKATMXParser.swift */ = {isa = PBXFileReference; fileEncoding = 4; lastKnownFileType = sourcecode.swift; path = SKATMXParser.swift; sourceTree = "<group>"; };
		1F2CEE081C387B1F00E4FB2E /* AppDelegate.swift */ = {isa = PBXFileReference; lastKnownFileType = sourcecode.swift; path = AppDelegate.swift; sourceTree = "<group>"; };
		1F2CEE0C1C387B1F00E4FB2E /* MenuScene.swift */ = {isa = PBXFileReference; lastKnownFileType = sourcecode.swift; path = MenuScene.swift; sourceTree = "<group>"; };
		1F2CEE0E1C387B1F00E4FB2E /* MenuViewController.swift */ = {isa = PBXFileReference; lastKnownFileType = sourcecode.swift; path = MenuViewController.swift; sourceTree = "<group>"; };
		1F2CEE111C387B1F00E4FB2E /* Base */ = {isa = PBXFileReference; lastKnownFileType = file.storyboard; name = Base; path = Base.lproj/Main.storyboard; sourceTree = "<group>"; };
		1F2CEE131C387B1F00E4FB2E /* Assets.xcassets */ = {isa = PBXFileReference; lastKnownFileType = folder.assetcatalog; path = Assets.xcassets; sourceTree = "<group>"; };
		1F2CEE161C387B1F00E4FB2E /* Base */ = {isa = PBXFileReference; lastKnownFileType = file.storyboard; name = Base; path = Base.lproj/LaunchScreen.storyboard; sourceTree = "<group>"; };
		1F2CEE181C387B1F00E4FB2E /* Info.plist */ = {isa = PBXFileReference; lastKnownFileType = text.plist.xml; path = Info.plist; sourceTree = "<group>"; };
		1F2CEE681C38B38F00E4FB2E /* InGameScene.swift */ = {isa = PBXFileReference; fileEncoding = 4; lastKnownFileType = sourcecode.swift; path = InGameScene.swift; sourceTree = "<group>"; };
		1F2CEE6A1C38B42100E4FB2E /* InGameViewController.swift */ = {isa = PBXFileReference; fileEncoding = 4; lastKnownFileType = sourcecode.swift; name = InGameViewController.swift; path = ../InGameViewController.swift; sourceTree = "<group>"; };
		1F2CEE6C1C38B76C00E4FB2E /* JoystickControl.swift */ = {isa = PBXFileReference; fileEncoding = 4; lastKnownFileType = sourcecode.swift; path = JoystickControl.swift; sourceTree = "<group>"; };
		1F304B2D1C3A33D30069D04D /* Projectile.swift */ = {isa = PBXFileReference; fileEncoding = 4; lastKnownFileType = sourcecode.swift; name = Projectile.swift; path = ../Projectile.swift; sourceTree = "<group>"; };
		1F457D421C6D009500E0CB37 /* Items.xml */ = {isa = PBXFileReference; fileEncoding = 4; lastKnownFileType = text.xml; path = Items.xml; sourceTree = "<group>"; };
		1F457D441C6D647400E0CB37 /* Levels.xml */ = {isa = PBXFileReference; fileEncoding = 4; lastKnownFileType = text.xml; path = Levels.xml; sourceTree = "<group>"; };
		1F4686141C5C50AD004D3F55 /* Level.swift */ = {isa = PBXFileReference; fileEncoding = 4; lastKnownFileType = sourcecode.swift; path = Level.swift; sourceTree = "<group>"; };
		1F4854791C41853B008DDC8F /* GameLogic.swift */ = {isa = PBXFileReference; fileEncoding = 4; lastKnownFileType = sourcecode.swift; path = GameLogic.swift; sourceTree = "<group>"; };
		1F5078371C3C9AEA00EC773E /* Entity.swift */ = {isa = PBXFileReference; fileEncoding = 4; lastKnownFileType = sourcecode.swift; path = Entity.swift; sourceTree = "<group>"; };
		1F5078391C3CB20600EC773E /* DisplayBar.swift */ = {isa = PBXFileReference; fileEncoding = 4; lastKnownFileType = sourcecode.swift; path = DisplayBar.swift; sourceTree = "<group>"; };
		1F5CF03B1C9262F600B00AB7 /* AI.swift */ = {isa = PBXFileReference; fileEncoding = 4; lastKnownFileType = sourcecode.swift; path = AI.swift; sourceTree = "<group>"; };
		1F7415151CB03DA8000A2D48 /* Popup.swift */ = {isa = PBXFileReference; fileEncoding = 4; lastKnownFileType = sourcecode.swift; path = Popup.swift; sourceTree = "<group>"; };
		1FA7D9381C67C0E100ECA534 /* AEXML.swift */ = {isa = PBXFileReference; fileEncoding = 4; lastKnownFileType = sourcecode.swift; path = AEXML.swift; sourceTree = "<group>"; };
		1FB3EB951C4B58B60056AAE1 /* chars.atlas */ = {isa = PBXFileReference; lastKnownFileType = folder.skatlas; path = chars.atlas; sourceTree = "<group>"; };
		1FC40B451CB9AE0B00AAC096 /* Main.tmx */ = {isa = PBXFileReference; fileEncoding = 4; lastKnownFileType = text.xml; name = Main.tmx; path = Resources/Main.tmx; sourceTree = "<group>"; };
		1FC40B4E1CB9AF2300AAC096 /* Sprites00.png */ = {isa = PBXFileReference; lastKnownFileType = image.png; path = Sprites00.png; sourceTree = "<group>"; };
		1FC7D7201CA3325900B8CD2B /* Behaviors.xml */ = {isa = PBXFileReference; fileEncoding = 4; lastKnownFileType = text.xml; path = Behaviors.xml; sourceTree = "<group>"; };
		1FC9AC561C9E08CB00E80D30 /* Enemies.xml */ = {isa = PBXFileReference; fileEncoding = 4; lastKnownFileType = text.xml; path = Enemies.xml; sourceTree = "<group>"; };
		1FC9AC5A1C9E161B00E80D30 /* Behavior.swift */ = {isa = PBXFileReference; fileEncoding = 4; lastKnownFileType = sourcecode.swift; path = Behavior.swift; sourceTree = "<group>"; };
		1FCE14BA1C45E0CD00112188 /* 100Floors.app */ = {isa = PBXFileReference; explicitFileType = wrapper.application; includeInIndex = 0; path = 100Floors.app; sourceTree = BUILT_PRODUCTS_DIR; };
		1FCE14BD1C45F02100112188 /* Item.swift */ = {isa = PBXFileReference; fileEncoding = 4; lastKnownFileType = sourcecode.swift; name = Item.swift; path = ../Item.swift; sourceTree = "<group>"; };
		1FCE14C11C46080600112188 /* Inventory.swift */ = {isa = PBXFileReference; fileEncoding = 4; lastKnownFileType = sourcecode.swift; path = Inventory.swift; sourceTree = "<group>"; };
		1FCE14C31C475A0400112188 /* ItemContainer.swift */ = {isa = PBXFileReference; fileEncoding = 4; lastKnownFileType = sourcecode.swift; name = ItemContainer.swift; path = ../ItemContainer.swift; sourceTree = "<group>"; };
		1FD105C51C87D67E00C9F624 /* Sword-T1.png */ = {isa = PBXFileReference; lastKnownFileType = image.png; name = "Sword-T1.png"; path = "../../../100FloorsAssets/Weapons/Swords/PNG/Sword-T1.png"; sourceTree = "<group>"; };
		1FD105C71C87D69000C9F624 /* Sword-T6.png */ = {isa = PBXFileReference; lastKnownFileType = image.png; name = "Sword-T6.png"; path = "../../../100FloorsAssets/Weapons/Swords/PNG/Sword-T6.png"; sourceTree = "<group>"; };
		1FD105C91C87D6FC00C9F624 /* Sword-T10.png */ = {isa = PBXFileReference; lastKnownFileType = image.png; name = "Sword-T10.png"; path = "../../../100FloorsAssets/Weapons/Swords/PNG/Sword-T10.png"; sourceTree = "<group>"; };
		1FDD427D1C4DDD65008C809E /* Projectiles.atlas */ = {isa = PBXFileReference; lastKnownFileType = folder.skatlas; path = Projectiles.atlas; sourceTree = "<group>"; };
		1FE667631CAC9FD6003BCE30 /* SaveData.swift */ = {isa = PBXFileReference; fileEncoding = 4; lastKnownFileType = sourcecode.swift; path = SaveData.swift; sourceTree = "<group>"; };
		1FE667651CAE1AA3003BCE30 /* Effects.swift */ = {isa = PBXFileReference; fileEncoding = 4; lastKnownFileType = sourcecode.swift; path = Effects.swift; sourceTree = "<group>"; };
		1FEC7C8B1C7033E0005AEDB3 /* MapObject.swift */ = {isa = PBXFileReference; fileEncoding = 4; lastKnownFileType = sourcecode.swift; path = MapObject.swift; sourceTree = "<group>"; };
/* End PBXFileReference section */

/* Begin PBXFrameworksBuildPhase section */
		1F2CEE021C387B1F00E4FB2E /* Frameworks */ = {
			isa = PBXFrameworksBuildPhase;
			buildActionMask = 2147483647;
			files = (
			);
			runOnlyForDeploymentPostprocessing = 0;
		};
/* End PBXFrameworksBuildPhase section */

/* Begin PBXGroup section */
		1F29C0C01CBC84CA00A2EFEE /* SKATiledMap */ = {
			isa = PBXGroup;
			children = (
				1F29C0C11CBC84CA00A2EFEE /* SKAMapTile.swift */,
				1F29C0C21CBC84CA00A2EFEE /* SKAObject.swift */,
				1F29C0C31CBC84CA00A2EFEE /* SKAObjectLayer.swift */,
				1F29C0C41CBC84CA00A2EFEE /* SKASprite.swift */,
				1F29C0C51CBC84CA00A2EFEE /* SKASpriteLayer.swift */,
				1F29C0C61CBC84CA00A2EFEE /* SKATiledMap.swift */,
				1F29C0C71CBC84CA00A2EFEE /* SKATMXParser.swift */,
			);
			path = SKATiledMap;
			sourceTree = "<group>";
		};
		1F2CEDFC1C387B1F00E4FB2E = {
			isa = PBXGroup;
			children = (
				1F2CEE071C387B1F00E4FB2E /* 100Floors */,
				1FCE14BA1C45E0CD00112188 /* 100Floors.app */,
			);
			sourceTree = "<group>";
		};
		1F2CEE071C387B1F00E4FB2E /* 100Floors */ = {
			isa = PBXGroup;
			children = (
				1F2CEE181C387B1F00E4FB2E /* Info.plist */,
				1F2CEE081C387B1F00E4FB2E /* AppDelegate.swift */,
				1FA7D9381C67C0E100ECA534 /* AEXML.swift */,
				1F3D79C41C4B1C700036C680 /* Game Logic */,
				1F3D79C31C4B1C4B0036C680 /* Graphics */,
				1F2CEE131C387B1F00E4FB2E /* Assets.xcassets */,
				1F4A47AB1C4B514100813143 /* Resources */,
			);
			path = 100Floors;
			sourceTree = "<group>";
		};
		1F3D79C21C4B1C3C0036C680 /* Scenes */ = {
			isa = PBXGroup;
			children = (
				1F2CEE0C1C387B1F00E4FB2E /* MenuScene.swift */,
				1F2CEE681C38B38F00E4FB2E /* InGameScene.swift */,
			);
			name = Scenes;
			sourceTree = "<group>";
		};
		1F3D79C31C4B1C4B0036C680 /* Graphics */ = {
			isa = PBXGroup;
			children = (
				1FE667651CAE1AA3003BCE30 /* Effects.swift */,
				1F29C0C01CBC84CA00A2EFEE /* SKATiledMap */,
				1F4DB7C21C44A54600887FBC /* Interface */,
				1F3D79C21C4B1C3C0036C680 /* Scenes */,
			);
			name = Graphics;
			sourceTree = "<group>";
		};
		1F3D79C41C4B1C700036C680 /* Game Logic */ = {
			isa = PBXGroup;
			children = (
				1F5078371C3C9AEA00EC773E /* Entity.swift */,
				1F304B2D1C3A33D30069D04D /* Projectile.swift */,
				1FCE14C11C46080600112188 /* Inventory.swift */,
				1FE667631CAC9FD6003BCE30 /* SaveData.swift */,
				1F4686141C5C50AD004D3F55 /* Level.swift */,
				1FCE14BD1C45F02100112188 /* Item.swift */,
				1FEC7C8B1C7033E0005AEDB3 /* MapObject.swift */,
				1F4854791C41853B008DDC8F /* GameLogic.swift */,
				1FDA717B1CA754BB0064AA8B /* Enemy AI */,
			);
			name = "Game Logic";
			sourceTree = "<group>";
		};
		1F45F9B31C4CAE9A00334AB5 /* Tilesets */ = {
			isa = PBXGroup;
			children = (
				1FDD427D1C4DDD65008C809E /* Projectiles.atlas */,
				1FB3EB951C4B58B60056AAE1 /* chars.atlas */,
			);
			name = Tilesets;
			sourceTree = "<group>";
		};
		1F45F9B41C4CAEA400334AB5 /* Maps */ = {
			isa = PBXGroup;
			children = (
				1FC40B451CB9AE0B00AAC096 /* Main.tmx */,
			);
			name = Maps;
			sourceTree = "<group>";
		};
		1F4A47AB1C4B514100813143 /* Resources */ = {
			isa = PBXGroup;
			children = (
				1F45F9B41C4CAEA400334AB5 /* Maps */,
				1FC40B4D1CB9AED400AAC096 /* Sheets */,
				1FC9AC561C9E08CB00E80D30 /* Enemies.xml */,
				1FC7D7201CA3325900B8CD2B /* Behaviors.xml */,
				1F457D421C6D009500E0CB37 /* Items.xml */,
				1F457D441C6D647400E0CB37 /* Levels.xml */,
				1FD105C41C87D67300C9F624 /* Items */,
				1F45F9B31C4CAE9A00334AB5 /* Tilesets */,
			);
			name = Resources;
			sourceTree = "<group>";
		};
		1F4DB7C21C44A54600887FBC /* Interface */ = {
			isa = PBXGroup;
			children = (
				1F689EF31CA998F200F6C3FE /* ViewControllers */,
				1F2CEE151C387B1F00E4FB2E /* LaunchScreen.storyboard */,
				1F2CEE101C387B1F00E4FB2E /* Main.storyboard */,
				1F7415151CB03DA8000A2D48 /* Popup.swift */,
				1FCE14C31C475A0400112188 /* ItemContainer.swift */,
				1F5078391C3CB20600EC773E /* DisplayBar.swift */,
				1F2CEE6C1C38B76C00E4FB2E /* JoystickControl.swift */,
			);
			name = Interface;
			sourceTree = "<group>";
		};
		1F689EF31CA998F200F6C3FE /* ViewControllers */ = {
			isa = PBXGroup;
			children = (
				1F2CEE0E1C387B1F00E4FB2E /* MenuViewController.swift */,
				1F0428941C835B2200FB4516 /* InGameMenuViewController.swift */,
				1F2CEE6A1C38B42100E4FB2E /* InGameViewController.swift */,
				1F0428961C8367B400FB4516 /* InventoryViewController.swift */,
			);
			name = ViewControllers;
			sourceTree = "<group>";
		};
		1FC40B4D1CB9AED400AAC096 /* Sheets */ = {
			isa = PBXGroup;
			children = (
				1FC40B4E1CB9AF2300AAC096 /* Sprites00.png */,
			);
			name = Sheets;
			path = Resources/Sheets;
			sourceTree = "<group>";
		};
		1FD105C41C87D67300C9F624 /* Items */ = {
			isa = PBXGroup;
			children = (
				1FD105C71C87D69000C9F624 /* Sword-T6.png */,
				1FD105C51C87D67E00C9F624 /* Sword-T1.png */,
				1FD105C91C87D6FC00C9F624 /* Sword-T10.png */,
			);
			name = Items;
			sourceTree = "<group>";
		};
		1FDA717B1CA754BB0064AA8B /* Enemy AI */ = {
			isa = PBXGroup;
			children = (
				1F5CF03B1C9262F600B00AB7 /* AI.swift */,
				1FC9AC5A1C9E161B00E80D30 /* Behavior.swift */,
			);
			name = "Enemy AI";
			sourceTree = "<group>";
		};
/* End PBXGroup section */

/* Begin PBXNativeTarget section */
		1F2CEE041C387B1F00E4FB2E /* 100Floors */ = {
			isa = PBXNativeTarget;
			buildConfigurationList = 1F2CEE311C387B1F00E4FB2E /* Build configuration list for PBXNativeTarget "100Floors" */;
			buildPhases = (
				1F2CEE011C387B1F00E4FB2E /* Sources */,
				1F2CEE021C387B1F00E4FB2E /* Frameworks */,
				1F2CEE031C387B1F00E4FB2E /* Resources */,
				1F4F9B851C48C5E2002F314E /* ShellScript */,
			);
			buildRules = (
			);
			dependencies = (
			);
			name = 100Floors;
			productName = 100Floors;
			productReference = 1FCE14BA1C45E0CD00112188 /* 100Floors.app */;
			productType = "com.apple.product-type.application";
		};
/* End PBXNativeTarget section */

/* Begin PBXProject section */
		1F2CEDFD1C387B1F00E4FB2E /* Project object */ = {
			isa = PBXProject;
			attributes = {
				LastSwiftUpdateCheck = 0720;
				LastUpgradeCheck = 0720;
				TargetAttributes = {
					1F2CEE041C387B1F00E4FB2E = {
						CreatedOnToolsVersion = 7.2;
						DevelopmentTeam = M8U6XZ88H5;
					};
				};
			};
			buildConfigurationList = 1F2CEE001C387B1F00E4FB2E /* Build configuration list for PBXProject "100Floors" */;
			compatibilityVersion = "Xcode 3.2";
			developmentRegion = English;
			hasScannedForEncodings = 0;
			knownRegions = (
				en,
				Base,
			);
			mainGroup = 1F2CEDFC1C387B1F00E4FB2E;
			productRefGroup = 1F2CEDFC1C387B1F00E4FB2E;
			projectDirPath = "";
			projectRoot = "";
			targets = (
				1F2CEE041C387B1F00E4FB2E /* 100Floors */,
			);
		};
/* End PBXProject section */

/* Begin PBXResourcesBuildPhase section */
		1F2CEE031C387B1F00E4FB2E /* Resources */ = {
			isa = PBXResourcesBuildPhase;
			buildActionMask = 2147483647;
			files = (
				1F2CEE171C387B1F00E4FB2E /* LaunchScreen.storyboard in Resources */,
				1FD105CA1C87D6FC00C9F624 /* Sword-T10.png in Resources */,
				1FDD427E1C4DDD65008C809E /* Projectiles.atlas in Resources */,
				1F2CEE141C387B1F00E4FB2E /* Assets.xcassets in Resources */,
				1FC40B461CB9AE0B00AAC096 /* Main.tmx in Resources */,
				1FD105C61C87D67E00C9F624 /* Sword-T1.png in Resources */,
				1F2CEE121C387B1F00E4FB2E /* Main.storyboard in Resources */,
				1F457D451C6D647400E0CB37 /* Levels.xml in Resources */,
				1FB3EB961C4B58B60056AAE1 /* chars.atlas in Resources */,
				1FC7D7211CA3325900B8CD2B /* Behaviors.xml in Resources */,
				1FC9AC571C9E08CB00E80D30 /* Enemies.xml in Resources */,
				1FC40B4F1CB9AF2300AAC096 /* Sprites00.png in Resources */,
				1F457D431C6D009500E0CB37 /* Items.xml in Resources */,
				1FD105C81C87D69000C9F624 /* Sword-T6.png in Resources */,
			);
			runOnlyForDeploymentPostprocessing = 0;
		};
/* End PBXResourcesBuildPhase section */

/* Begin PBXShellScriptBuildPhase section */
		1F4F9B851C48C5E2002F314E /* ShellScript */ = {
			isa = PBXShellScriptBuildPhase;
			buildActionMask = 2147483647;
			files = (
			);
			inputPaths = (
			);
			outputPaths = (
			);
			runOnlyForDeploymentPostprocessing = 0;
			shellPath = /bin/sh;
			shellScript = "KEYWORDS=\"TODO:|FIXME:|\\?\\?\\?:|\\!\\!\\!:\"\nfind \"${SRCROOT}\" \\( -name \"*.h\" -or -name \"*.m\" -or -name \"*.swift\"  \\) -print0 | xargs -0 egrep --with-filename --line-number --only-matching \"($KEYWORDS).*\\$\" | perl -p -e \"s/($KEYWORDS)/ warning: \\$1/\"\n";
		};
/* End PBXShellScriptBuildPhase section */

/* Begin PBXSourcesBuildPhase section */
		1F2CEE011C387B1F00E4FB2E /* Sources */ = {
			isa = PBXSourcesBuildPhase;
			buildActionMask = 2147483647;
			files = (
				1F2CEE6B1C38B42100E4FB2E /* InGameViewController.swift in Sources */,
				1F0428971C8367B400FB4516 /* InventoryViewController.swift in Sources */,
				1FCE14BE1C45F02100112188 /* Item.swift in Sources */,
				1F2CEE0D1C387B1F00E4FB2E /* MenuScene.swift in Sources */,
				1FE667641CAC9FD6003BCE30 /* SaveData.swift in Sources */,
				1F29C0CD1CBC84CA00A2EFEE /* SKATiledMap.swift in Sources */,
				1F50783A1C3CB20600EC773E /* DisplayBar.swift in Sources */,
				1F29C0CC1CBC84CA00A2EFEE /* SKASpriteLayer.swift in Sources */,
				1F29C0C81CBC84CA00A2EFEE /* SKAMapTile.swift in Sources */,
				1F29C0C91CBC84CA00A2EFEE /* SKAObject.swift in Sources */,
				1FC9AC5B1C9E161B00E80D30 /* Behavior.swift in Sources */,
				1F2CEE0F1C387B1F00E4FB2E /* MenuViewController.swift in Sources */,
				1F2CEE6D1C38B76C00E4FB2E /* JoystickControl.swift in Sources */,
				1F2CEE091C387B1F00E4FB2E /* AppDelegate.swift in Sources */,
				1FA7D9391C67C0E100ECA534 /* AEXML.swift in Sources */,
				1FEC7C8C1C7033E0005AEDB3 /* MapObject.swift in Sources */,
				1F2CEE691C38B38F00E4FB2E /* InGameScene.swift in Sources */,
				1FCE14C41C475A0400112188 /* ItemContainer.swift in Sources */,
				1F304B2E1C3A33D30069D04D /* Projectile.swift in Sources */,
				1F48547A1C41853B008DDC8F /* GameLogic.swift in Sources */,
				1F29C0CA1CBC84CA00A2EFEE /* SKAObjectLayer.swift in Sources */,
				1F29C0CB1CBC84CA00A2EFEE /* SKASprite.swift in Sources */,
				1F29C0CE1CBC84CA00A2EFEE /* SKATMXParser.swift in Sources */,
				1FE667661CAE1AA3003BCE30 /* Effects.swift in Sources */,
				1F7415161CB03DA8000A2D48 /* Popup.swift in Sources */,
				1FCE14C21C46080600112188 /* Inventory.swift in Sources */,
				1F0428951C835B2200FB4516 /* InGameMenuViewController.swift in Sources */,
				1F4686151C5C50AD004D3F55 /* Level.swift in Sources */,
				1F5CF03C1C9262F700B00AB7 /* AI.swift in Sources */,
				1F5078381C3C9AEA00EC773E /* Entity.swift in Sources */,
			);
			runOnlyForDeploymentPostprocessing = 0;
		};
/* End PBXSourcesBuildPhase section */

/* Begin PBXVariantGroup section */
		1F2CEE101C387B1F00E4FB2E /* Main.storyboard */ = {
			isa = PBXVariantGroup;
			children = (
				1F2CEE111C387B1F00E4FB2E /* Base */,
			);
			name = Main.storyboard;
			sourceTree = "<group>";
		};
		1F2CEE151C387B1F00E4FB2E /* LaunchScreen.storyboard */ = {
			isa = PBXVariantGroup;
			children = (
				1F2CEE161C387B1F00E4FB2E /* Base */,
			);
			name = LaunchScreen.storyboard;
			sourceTree = "<group>";
		};
/* End PBXVariantGroup section */

/* Begin XCBuildConfiguration section */
		1F2CEE2F1C387B1F00E4FB2E /* Debug */ = {
			isa = XCBuildConfiguration;
			buildSettings = {
				ALWAYS_SEARCH_USER_PATHS = NO;
				CLANG_CXX_LANGUAGE_STANDARD = "gnu++0x";
				CLANG_CXX_LIBRARY = "libc++";
				CLANG_ENABLE_MODULES = YES;
				CLANG_ENABLE_OBJC_ARC = YES;
				CLANG_WARN_BOOL_CONVERSION = YES;
				CLANG_WARN_CONSTANT_CONVERSION = YES;
				CLANG_WARN_DIRECT_OBJC_ISA_USAGE = YES_ERROR;
				CLANG_WARN_EMPTY_BODY = YES;
				CLANG_WARN_ENUM_CONVERSION = YES;
				CLANG_WARN_INT_CONVERSION = YES;
				CLANG_WARN_OBJC_ROOT_CLASS = YES_ERROR;
				CLANG_WARN_UNREACHABLE_CODE = YES;
				CLANG_WARN__DUPLICATE_METHOD_MATCH = YES;
				"CODE_SIGN_IDENTITY[sdk=iphoneos*]" = "iPhone Developer";
				COPY_PHASE_STRIP = NO;
				DEBUG_INFORMATION_FORMAT = "dwarf-with-dsym";
				ENABLE_STRICT_OBJC_MSGSEND = YES;
				ENABLE_TESTABILITY = YES;
				GCC_C_LANGUAGE_STANDARD = gnu99;
				GCC_DYNAMIC_NO_PIC = NO;
				GCC_NO_COMMON_BLOCKS = YES;
				GCC_OPTIMIZATION_LEVEL = 0;
				GCC_PREPROCESSOR_DEFINITIONS = (
					"DEBUG=1",
					"$(inherited)",
				);
				GCC_WARN_64_TO_32_BIT_CONVERSION = YES;
				GCC_WARN_ABOUT_RETURN_TYPE = YES_ERROR;
				GCC_WARN_UNDECLARED_SELECTOR = YES;
				GCC_WARN_UNINITIALIZED_AUTOS = YES_AGGRESSIVE;
				GCC_WARN_UNUSED_FUNCTION = YES;
				GCC_WARN_UNUSED_VARIABLE = YES;
				IPHONEOS_DEPLOYMENT_TARGET = 9.2;
				MTL_ENABLE_DEBUG_INFO = YES;
				ONLY_ACTIVE_ARCH = YES;
				SDKROOT = iphoneos;
				SWIFT_OPTIMIZATION_LEVEL = "-Onone";
				TARGETED_DEVICE_FAMILY = "1,2";
				"Texture Atlas Format" = RGBA4444_COMPRESSED;
				"Texture Atlas Maximum Size" = 2048x2048;
			};
			name = Debug;
		};
		1F2CEE301C387B1F00E4FB2E /* Release */ = {
			isa = XCBuildConfiguration;
			buildSettings = {
				ALWAYS_SEARCH_USER_PATHS = NO;
				CLANG_CXX_LANGUAGE_STANDARD = "gnu++0x";
				CLANG_CXX_LIBRARY = "libc++";
				CLANG_ENABLE_MODULES = YES;
				CLANG_ENABLE_OBJC_ARC = YES;
				CLANG_WARN_BOOL_CONVERSION = YES;
				CLANG_WARN_CONSTANT_CONVERSION = YES;
				CLANG_WARN_DIRECT_OBJC_ISA_USAGE = YES_ERROR;
				CLANG_WARN_EMPTY_BODY = YES;
				CLANG_WARN_ENUM_CONVERSION = YES;
				CLANG_WARN_INT_CONVERSION = YES;
				CLANG_WARN_OBJC_ROOT_CLASS = YES_ERROR;
				CLANG_WARN_UNREACHABLE_CODE = YES;
				CLANG_WARN__DUPLICATE_METHOD_MATCH = YES;
				"CODE_SIGN_IDENTITY[sdk=iphoneos*]" = "iPhone Developer";
				COPY_PHASE_STRIP = NO;
				DEBUG_INFORMATION_FORMAT = "dwarf-with-dsym";
				ENABLE_NS_ASSERTIONS = NO;
				ENABLE_STRICT_OBJC_MSGSEND = YES;
				GCC_C_LANGUAGE_STANDARD = gnu99;
				GCC_NO_COMMON_BLOCKS = YES;
				GCC_WARN_64_TO_32_BIT_CONVERSION = YES;
				GCC_WARN_ABOUT_RETURN_TYPE = YES_ERROR;
				GCC_WARN_UNDECLARED_SELECTOR = YES;
				GCC_WARN_UNINITIALIZED_AUTOS = YES_AGGRESSIVE;
				GCC_WARN_UNUSED_FUNCTION = YES;
				GCC_WARN_UNUSED_VARIABLE = YES;
				IPHONEOS_DEPLOYMENT_TARGET = 9.2;
				MTL_ENABLE_DEBUG_INFO = NO;
				SDKROOT = iphoneos;
				TARGETED_DEVICE_FAMILY = "1,2";
				"Texture Atlas Format" = RGBA4444_COMPRESSED;
				"Texture Atlas Maximum Size" = 2048x2048;
				VALIDATE_PRODUCT = YES;
			};
			name = Release;
		};
		1F2CEE321C387B1F00E4FB2E /* Debug */ = {
			isa = XCBuildConfiguration;
			buildSettings = {
				ASSETCATALOG_COMPILER_APPICON_NAME = AppIcon;
				CLANG_ENABLE_MODULES = YES;
				"CODE_SIGN_ENTITLEMENTS[sdk=*]" = "";
				CODE_SIGN_IDENTITY = "iPhone Developer";
				"CODE_SIGN_IDENTITY[sdk=iphoneos*]" = "iPhone Developer";
				INFOPLIST_FILE = 100Floors/Info.plist;
				IPHONEOS_DEPLOYMENT_TARGET = 9.2;
				LD_RUNPATH_SEARCH_PATHS = "$(inherited) @executable_path/Frameworks";
				PRODUCT_BUNDLE_IDENTIFIER = "B7F.-00Floors";
				PRODUCT_NAME = "$(TARGET_NAME)";
				PROVISIONING_PROFILE = "";
				SWIFT_OPTIMIZATION_LEVEL = "-Onone";
			};
			name = Debug;
		};
		1F2CEE331C387B1F00E4FB2E /* Release */ = {
			isa = XCBuildConfiguration;
			buildSettings = {
				ASSETCATALOG_COMPILER_APPICON_NAME = AppIcon;
				CLANG_ENABLE_MODULES = YES;
				CODE_SIGN_IDENTITY = "iPhone Developer";
				"CODE_SIGN_IDENTITY[sdk=iphoneos*]" = "iPhone Developer";
				INFOPLIST_FILE = 100Floors/Info.plist;
				IPHONEOS_DEPLOYMENT_TARGET = 9.2;
				LD_RUNPATH_SEARCH_PATHS = "$(inherited) @executable_path/Frameworks";
				PRODUCT_BUNDLE_IDENTIFIER = "B7F.-00Floors";
				PRODUCT_NAME = "$(TARGET_NAME)";
				PROVISIONING_PROFILE = "";
			};
			name = Release;
		};
/* End XCBuildConfiguration section */

/* Begin XCConfigurationList section */
		1F2CEE001C387B1F00E4FB2E /* Build configuration list for PBXProject "100Floors" */ = {
			isa = XCConfigurationList;
			buildConfigurations = (
				1F2CEE2F1C387B1F00E4FB2E /* Debug */,
				1F2CEE301C387B1F00E4FB2E /* Release */,
			);
			defaultConfigurationIsVisible = 0;
			defaultConfigurationName = Release;
		};
		1F2CEE311C387B1F00E4FB2E /* Build configuration list for PBXNativeTarget "100Floors" */ = {
			isa = XCConfigurationList;
			buildConfigurations = (
				1F2CEE321C387B1F00E4FB2E /* Debug */,
				1F2CEE331C387B1F00E4FB2E /* Release */,
			);
			defaultConfigurationIsVisible = 0;
			defaultConfigurationName = Release;
		};
/* End XCConfigurationList section */
	};
	rootObject = 1F2CEDFD1C387B1F00E4FB2E /* Project object */;
}
